// !$*UTF8*$!
{
	archiveVersion = 1;
	classes = {
	};
	objectVersion = 56;
	objects = {

/* Begin PBXBuildFile section */
		4A16E2A42C5A4DE700F48180 /* OnboardingViewController.swift in Sources */ = {isa = PBXBuildFile; fileRef = 4A16E2A32C5A4DE700F48180 /* OnboardingViewController.swift */; };
		4A16E2CD2C5A6B7E00F48180 /* TabBarViewController.swift in Sources */ = {isa = PBXBuildFile; fileRef = 4A16E2CC2C5A6B7E00F48180 /* TabBarViewController.swift */; };
		4A16E2D02C5A702000F48180 /* RecordListViewController.swift in Sources */ = {isa = PBXBuildFile; fileRef = 4A16E2CF2C5A702000F48180 /* RecordListViewController.swift */; };
		4A16E2D32C5A70AC00F48180 /* MyPageViewController.swift in Sources */ = {isa = PBXBuildFile; fileRef = 4A16E2D22C5A70AC00F48180 /* MyPageViewController.swift */; };
		4A16E2D82C5B434F00F48180 /* MDLabel.swift in Sources */ = {isa = PBXBuildFile; fileRef = 4A16E2D72C5B434F00F48180 /* MDLabel.swift */; };
		4A16E2DA2C5B44FD00F48180 /* MDButton.swift in Sources */ = {isa = PBXBuildFile; fileRef = 4A16E2D92C5B44FD00F48180 /* MDButton.swift */; };
		4A16E2DC2C5B50DF00F48180 /* MDToastView.swift in Sources */ = {isa = PBXBuildFile; fileRef = 4A16E2DB2C5B50DF00F48180 /* MDToastView.swift */; };
		4A16E2DE2C5CC3BA00F48180 /* MDToast.swift in Sources */ = {isa = PBXBuildFile; fileRef = 4A16E2DD2C5CC3BA00F48180 /* MDToast.swift */; };
		4A16E2E42C5D0DFA00F48180 /* PopUpViewController.swift in Sources */ = {isa = PBXBuildFile; fileRef = 4A16E2E32C5D0DFA00F48180 /* PopUpViewController.swift */; };
		4A16E2E62C5D0F5D00F48180 /* MDPopUpView.swift in Sources */ = {isa = PBXBuildFile; fileRef = 4A16E2E52C5D0F5D00F48180 /* MDPopUpView.swift */; };
		4A16E2EE2C60AD8F00F48180 /* OpacityColorType.swift in Sources */ = {isa = PBXBuildFile; fileRef = 4A16E2ED2C60AD8F00F48180 /* OpacityColorType.swift */; };
		4A16E2EF2C60F0A700F48180 /* HomeMap_인천.swift in Sources */ = {isa = PBXBuildFile; fileRef = 4A5FFDAA2C4FAD05002F5A77 /* HomeMap_인천.swift */; };
		4A16E2F02C60F0A700F48180 /* HomeMap_경상북도.swift in Sources */ = {isa = PBXBuildFile; fileRef = 4A5FFDBB2C4FAFB7002F5A77 /* HomeMap_경상북도.swift */; };
		4A16E2F12C60F0A700F48180 /* HomeMap_울산.swift in Sources */ = {isa = PBXBuildFile; fileRef = 4A5FFDC32C4FB08E002F5A77 /* HomeMap_울산.swift */; };
		4A16E2F22C60F0A700F48180 /* HomeMap_전라북도.swift in Sources */ = {isa = PBXBuildFile; fileRef = 4A5FFDB92C4FAF75002F5A77 /* HomeMap_전라북도.swift */; };
		4A16E2F32C60F0A700F48180 /* HomeMap_광주.swift in Sources */ = {isa = PBXBuildFile; fileRef = 4A5FFDCD2C4FB399002F5A77 /* HomeMap_광주.swift */; };
		4A16E2F42C60F0A700F48180 /* (null) in Sources */ = {isa = PBXBuildFile; };
		4A16E2F62C60F8DA00F48180 /* HomeMapReactor.swift in Sources */ = {isa = PBXBuildFile; fileRef = 4A16E2F52C60F8DA00F48180 /* HomeMapReactor.swift */; };
		4A5FFDA62C4FAA6A002F5A77 /* Constant.swift in Sources */ = {isa = PBXBuildFile; fileRef = 4A5FFDA52C4FAA6A002F5A77 /* Constant.swift */; };
		4A5FFDA82C4FABBF002F5A77 /* HomeMap_경기도.swift in Sources */ = {isa = PBXBuildFile; fileRef = 4A5FFDA72C4FABBF002F5A77 /* HomeMap_경기도.swift */; };
		4A5FFDAE2C4FAD42002F5A77 /* DrawMapProtocol.swift in Sources */ = {isa = PBXBuildFile; fileRef = 4A5FFDAD2C4FAD42002F5A77 /* DrawMapProtocol.swift */; };
		4A5FFDB22C4FAE73002F5A77 /* HomeMap_충청남도.swift in Sources */ = {isa = PBXBuildFile; fileRef = 4A5FFDB12C4FAE73002F5A77 /* HomeMap_충청남도.swift */; };
		4A5FFDB42C4FAEB2002F5A77 /* HomeMap_강원도.swift in Sources */ = {isa = PBXBuildFile; fileRef = 4A5FFDB32C4FAEB2002F5A77 /* HomeMap_강원도.swift */; };
		4A5FFDB62C4FAF12002F5A77 /* HomeMap_대전.swift in Sources */ = {isa = PBXBuildFile; fileRef = 4A5FFDB52C4FAF12002F5A77 /* HomeMap_대전.swift */; };
		4A5FFDBE2C4FAFF2002F5A77 /* HomeMap_경상남도.swift in Sources */ = {isa = PBXBuildFile; fileRef = 4A5FFDBD2C4FAFF2002F5A77 /* HomeMap_경상남도.swift */; };
		4A5FFDC02C4FB027002F5A77 /* HomeMap_전라남도.swift in Sources */ = {isa = PBXBuildFile; fileRef = 4A5FFDBF2C4FB027002F5A77 /* HomeMap_전라남도.swift */; };
		4A5FFDC22C4FB056002F5A77 /* HomeMap_부산.swift in Sources */ = {isa = PBXBuildFile; fileRef = 4A5FFDC12C4FB056002F5A77 /* HomeMap_부산.swift */; };
		4A5FFDC82C4FB0F1002F5A77 /* HomeMap_제주도.swift in Sources */ = {isa = PBXBuildFile; fileRef = 4A5FFDC72C4FB0F1002F5A77 /* HomeMap_제주도.swift */; };
		4A5FFDCA2C4FB202002F5A77 /* HomeMap_충청북도.swift in Sources */ = {isa = PBXBuildFile; fileRef = 4A5FFDC92C4FB202002F5A77 /* HomeMap_충청북도.swift */; };
		4A5FFDCC2C4FB236002F5A77 /* HomeMap_대구.swift in Sources */ = {isa = PBXBuildFile; fileRef = 4A5FFDCB2C4FB236002F5A77 /* HomeMap_대구.swift */; };
		4A5FFDD02C4FB3C0002F5A77 /* HomeMap_서울.swift in Sources */ = {isa = PBXBuildFile; fileRef = 4A5FFDCF2C4FB3C0002F5A77 /* HomeMap_서울.swift */; };
		4A5FFDD42C4FB515002F5A77 /* UIView+.swift in Sources */ = {isa = PBXBuildFile; fileRef = 4A5FFDD32C4FB515002F5A77 /* UIView+.swift */; };
		4A7101342C6883DB000765CD /* MapDeviceInset.swift in Sources */ = {isa = PBXBuildFile; fileRef = 4A7101332C6883DB000765CD /* MapDeviceInset.swift */; };
		4AA414452C63B26000AB3CE8 /* RegionType.swift in Sources */ = {isa = PBXBuildFile; fileRef = 4AA414442C63B26000AB3CE8 /* RegionType.swift */; };
		4AA4144B2C6466E700AB3CE8 /* MapModel.swift in Sources */ = {isa = PBXBuildFile; fileRef = 4AA4144A2C6466E700AB3CE8 /* MapModel.swift */; };
		4AA4144F2C64686900AB3CE8 /* ColorWithOpacityModel.swift in Sources */ = {isa = PBXBuildFile; fileRef = 4AA4144E2C64686900AB3CE8 /* ColorWithOpacityModel.swift */; };
		4AAFDB6D2C494CFF008C6DAF /* AppDelegate.swift in Sources */ = {isa = PBXBuildFile; fileRef = 4AAFDB6C2C494CFF008C6DAF /* AppDelegate.swift */; };
		4AAFDB6F2C494CFF008C6DAF /* SceneDelegate.swift in Sources */ = {isa = PBXBuildFile; fileRef = 4AAFDB6E2C494CFF008C6DAF /* SceneDelegate.swift */; };
		4AAFDB712C494CFF008C6DAF /* HomeMapViewController.swift in Sources */ = {isa = PBXBuildFile; fileRef = 4AAFDB702C494CFF008C6DAF /* HomeMapViewController.swift */; };
		4AAFDB762C494D00008C6DAF /* Assets.xcassets in Resources */ = {isa = PBXBuildFile; fileRef = 4AAFDB752C494D00008C6DAF /* Assets.xcassets */; };
		4AAFDB792C494D00008C6DAF /* LaunchScreen.storyboard in Resources */ = {isa = PBXBuildFile; fileRef = 4AAFDB772C494D00008C6DAF /* LaunchScreen.storyboard */; };
		4AAFDBB02C4953C0008C6DAF /* Network.swift in Sources */ = {isa = PBXBuildFile; fileRef = 4AAFDBAF2C4953C0008C6DAF /* Network.swift */; };
		4AAFDBB22C4953C9008C6DAF /* Application.swift in Sources */ = {isa = PBXBuildFile; fileRef = 4AAFDBB12C4953C9008C6DAF /* Application.swift */; };
		4AAFDBB42C4953CD008C6DAF /* Color.swift in Sources */ = {isa = PBXBuildFile; fileRef = 4AAFDBB32C4953CD008C6DAF /* Color.swift */; };
		4AAFDBB62C4953D2008C6DAF /* Font.swift in Sources */ = {isa = PBXBuildFile; fileRef = 4AAFDBB52C4953D2008C6DAF /* Font.swift */; };
		9B683A9A3DF08F60898F35CD /* Pods_dnd_11th_4_iOS.framework in Frameworks */ = {isa = PBXBuildFile; fileRef = FC6186EB1A512F7D1B5F90E0 /* Pods_dnd_11th_4_iOS.framework */; };
		FB0BE4EB2C57B5EB00C34C7B /* PeoplefirstNeat&Loud.otf in Resources */ = {isa = PBXBuildFile; fileRef = FB0BE4EA2C57B5EB00C34C7B /* PeoplefirstNeat&Loud.otf */; };
		FB0BE4F02C57B5FD00C34C7B /* Pretendard-Medium.otf in Resources */ = {isa = PBXBuildFile; fileRef = FB0BE4EC2C57B5FD00C34C7B /* Pretendard-Medium.otf */; };
		FB0BE4F12C57B5FD00C34C7B /* Pretendard-Bold.otf in Resources */ = {isa = PBXBuildFile; fileRef = FB0BE4ED2C57B5FD00C34C7B /* Pretendard-Bold.otf */; };
		FB0BE4F22C57B5FD00C34C7B /* Pretendard-SemiBold.otf in Resources */ = {isa = PBXBuildFile; fileRef = FB0BE4EE2C57B5FD00C34C7B /* Pretendard-SemiBold.otf */; };
		FB0BE4F32C57B5FD00C34C7B /* Pretendard-Regular.otf in Resources */ = {isa = PBXBuildFile; fileRef = FB0BE4EF2C57B5FD00C34C7B /* Pretendard-Regular.otf */; };
		FB7AEDD52C74A62900B95784 /* LoginReactor.swift in Sources */ = {isa = PBXBuildFile; fileRef = FB7AEDD42C74A62900B95784 /* LoginReactor.swift */; };
		FB7AEDD92C74E72E00B95784 /* ServiceAcceptViewController.swift in Sources */ = {isa = PBXBuildFile; fileRef = FB7AEDD82C74E72E00B95784 /* ServiceAcceptViewController.swift */; };
		FB7AEDDB2C75AF0B00B95784 /* ServiceAcceptReactor.swift in Sources */ = {isa = PBXBuildFile; fileRef = FB7AEDDA2C75AF0B00B95784 /* ServiceAcceptReactor.swift */; };
		FB808E542C5A72E500E9E2E5 /* MDNavigationBar.swift in Sources */ = {isa = PBXBuildFile; fileRef = FB808E532C5A72E500E9E2E5 /* MDNavigationBar.swift */; };
		FB808E582C622DC600E9E2E5 /* RecordListCell.swift in Sources */ = {isa = PBXBuildFile; fileRef = FB808E572C622DC600E9E2E5 /* RecordListCell.swift */; };
		FB808E5C2C63998600E9E2E5 /* RecordListReactor.swift in Sources */ = {isa = PBXBuildFile; fileRef = FB808E5B2C63998600E9E2E5 /* RecordListReactor.swift */; };
		FB808E602C63A61F00E9E2E5 /* MenuAlertView.swift in Sources */ = {isa = PBXBuildFile; fileRef = FB808E5F2C63A61F00E9E2E5 /* MenuAlertView.swift */; };
		FB808E642C63C6EE00E9E2E5 /* UIImage+.swift in Sources */ = {isa = PBXBuildFile; fileRef = FB808E632C63C6EE00E9E2E5 /* UIImage+.swift */; };
		FB808E662C64BD7500E9E2E5 /* RecordListHeaderView.swift in Sources */ = {isa = PBXBuildFile; fileRef = FB808E652C64BD7500E9E2E5 /* RecordListHeaderView.swift */; };
		FB808E682C660AE600E9E2E5 /* EmptyRecordView.swift in Sources */ = {isa = PBXBuildFile; fileRef = FB808E672C660AE600E9E2E5 /* EmptyRecordView.swift */; };
		FB808E6A2C6901EA00E9E2E5 /* ListDeleteViewController.swift in Sources */ = {isa = PBXBuildFile; fileRef = FB808E692C6901EA00E9E2E5 /* ListDeleteViewController.swift */; };
		FB808E8F2C6B93A000E9E2E5 /* Onboarding_Orange.json in Resources */ = {isa = PBXBuildFile; fileRef = FB808E892C6B93A000E9E2E5 /* Onboarding_Orange.json */; };
		FB808E902C6B93A000E9E2E5 /* Onboarding_Pink.json in Resources */ = {isa = PBXBuildFile; fileRef = FB808E8A2C6B93A000E9E2E5 /* Onboarding_Pink.json */; };
		FB808E912C6B93A000E9E2E5 /* Onboarding_Blue.json in Resources */ = {isa = PBXBuildFile; fileRef = FB808E8B2C6B93A000E9E2E5 /* Onboarding_Blue.json */; };
		FB808E922C6B93A000E9E2E5 /* Onboarding_Purple.json in Resources */ = {isa = PBXBuildFile; fileRef = FB808E8C2C6B93A000E9E2E5 /* Onboarding_Purple.json */; };
		FB808E932C6B93A000E9E2E5 /* Onboarding_Yellow.json in Resources */ = {isa = PBXBuildFile; fileRef = FB808E8D2C6B93A000E9E2E5 /* Onboarding_Yellow.json */; };
		FB808E942C6B93A000E9E2E5 /* Onboarding_Green.json in Resources */ = {isa = PBXBuildFile; fileRef = FB808E8E2C6B93A000E9E2E5 /* Onboarding_Green.json */; };
		FB808E962C6B955B00E9E2E5 /* OnboardingView.swift in Sources */ = {isa = PBXBuildFile; fileRef = FB808E952C6B955B00E9E2E5 /* OnboardingView.swift */; };
		FB808E982C6BAC6000E9E2E5 /* OnboardingReactor.swift in Sources */ = {isa = PBXBuildFile; fileRef = FB808E972C6BAC6000E9E2E5 /* OnboardingReactor.swift */; };
		FB9B35A02C6F768500FB884E /* SplashViewController.swift in Sources */ = {isa = PBXBuildFile; fileRef = FB9B359F2C6F768500FB884E /* SplashViewController.swift */; };
		FB9B35A52C6F99EE00FB884E /* ColorType.swift in Sources */ = {isa = PBXBuildFile; fileRef = FB9B35A12C6F828500FB884E /* ColorType.swift */; };
		FBAD5B012C737AF800DC0171 /* LoginViewController.swift in Sources */ = {isa = PBXBuildFile; fileRef = FBAD5B002C737AF800DC0171 /* LoginViewController.swift */; };
		FBE0F5AE2C76315000C81F8A /* UIViewController+.swift in Sources */ = {isa = PBXBuildFile; fileRef = FBE0F5AD2C76315000C81F8A /* UIViewController+.swift */; };
		FBE0F5B02C78717E00C81F8A /* MyPageView.swift in Sources */ = {isa = PBXBuildFile; fileRef = FBE0F5AF2C78717E00C81F8A /* MyPageView.swift */; };
		FBE0F5B22C789FB700C81F8A /* MyPageCell.swift in Sources */ = {isa = PBXBuildFile; fileRef = FBE0F5B12C789FB700C81F8A /* MyPageCell.swift */; };
		FBE0F5B42C78AED600C81F8A /* MyPageReactor.swift in Sources */ = {isa = PBXBuildFile; fileRef = FBE0F5B32C78AED600C81F8A /* MyPageReactor.swift */; };
/* End PBXBuildFile section */

/* Begin PBXFileReference section */
		42A37440E49DA42B64FA649E /* Pods-dnd-11th-4-iOS.debug.xcconfig */ = {isa = PBXFileReference; includeInIndex = 1; lastKnownFileType = text.xcconfig; name = "Pods-dnd-11th-4-iOS.debug.xcconfig"; path = "Target Support Files/Pods-dnd-11th-4-iOS/Pods-dnd-11th-4-iOS.debug.xcconfig"; sourceTree = "<group>"; };
		4A16E2A32C5A4DE700F48180 /* OnboardingViewController.swift */ = {isa = PBXFileReference; lastKnownFileType = sourcecode.swift; path = OnboardingViewController.swift; sourceTree = "<group>"; };
		4A16E2CC2C5A6B7E00F48180 /* TabBarViewController.swift */ = {isa = PBXFileReference; lastKnownFileType = sourcecode.swift; path = TabBarViewController.swift; sourceTree = "<group>"; };
		4A16E2CF2C5A702000F48180 /* RecordListViewController.swift */ = {isa = PBXFileReference; lastKnownFileType = sourcecode.swift; path = RecordListViewController.swift; sourceTree = "<group>"; };
		4A16E2D22C5A70AC00F48180 /* MyPageViewController.swift */ = {isa = PBXFileReference; lastKnownFileType = sourcecode.swift; path = MyPageViewController.swift; sourceTree = "<group>"; };
		4A16E2D72C5B434F00F48180 /* MDLabel.swift */ = {isa = PBXFileReference; lastKnownFileType = sourcecode.swift; path = MDLabel.swift; sourceTree = "<group>"; };
		4A16E2D92C5B44FD00F48180 /* MDButton.swift */ = {isa = PBXFileReference; lastKnownFileType = sourcecode.swift; path = MDButton.swift; sourceTree = "<group>"; };
		4A16E2DB2C5B50DF00F48180 /* MDToastView.swift */ = {isa = PBXFileReference; lastKnownFileType = sourcecode.swift; path = MDToastView.swift; sourceTree = "<group>"; };
		4A16E2DD2C5CC3BA00F48180 /* MDToast.swift */ = {isa = PBXFileReference; lastKnownFileType = sourcecode.swift; path = MDToast.swift; sourceTree = "<group>"; };
		4A16E2E32C5D0DFA00F48180 /* PopUpViewController.swift */ = {isa = PBXFileReference; lastKnownFileType = sourcecode.swift; path = PopUpViewController.swift; sourceTree = "<group>"; };
		4A16E2E52C5D0F5D00F48180 /* MDPopUpView.swift */ = {isa = PBXFileReference; lastKnownFileType = sourcecode.swift; path = MDPopUpView.swift; sourceTree = "<group>"; };
		4A16E2ED2C60AD8F00F48180 /* OpacityColorType.swift */ = {isa = PBXFileReference; lastKnownFileType = sourcecode.swift; path = OpacityColorType.swift; sourceTree = "<group>"; };
		4A16E2F52C60F8DA00F48180 /* HomeMapReactor.swift */ = {isa = PBXFileReference; lastKnownFileType = sourcecode.swift; path = HomeMapReactor.swift; sourceTree = "<group>"; };
		4A5FFDA52C4FAA6A002F5A77 /* Constant.swift */ = {isa = PBXFileReference; lastKnownFileType = sourcecode.swift; path = Constant.swift; sourceTree = "<group>"; };
		4A5FFDA72C4FABBF002F5A77 /* HomeMap_경기도.swift */ = {isa = PBXFileReference; lastKnownFileType = sourcecode.swift; path = "HomeMap_경기도.swift"; sourceTree = "<group>"; };
		4A5FFDAA2C4FAD05002F5A77 /* HomeMap_인천.swift */ = {isa = PBXFileReference; lastKnownFileType = sourcecode.swift; path = "HomeMap_인천.swift"; sourceTree = "<group>"; };
		4A5FFDAD2C4FAD42002F5A77 /* DrawMapProtocol.swift */ = {isa = PBXFileReference; lastKnownFileType = sourcecode.swift; path = DrawMapProtocol.swift; sourceTree = "<group>"; };
		4A5FFDB12C4FAE73002F5A77 /* HomeMap_충청남도.swift */ = {isa = PBXFileReference; lastKnownFileType = sourcecode.swift; path = "HomeMap_충청남도.swift"; sourceTree = "<group>"; };
		4A5FFDB32C4FAEB2002F5A77 /* HomeMap_강원도.swift */ = {isa = PBXFileReference; lastKnownFileType = sourcecode.swift; path = "HomeMap_강원도.swift"; sourceTree = "<group>"; };
		4A5FFDB52C4FAF12002F5A77 /* HomeMap_대전.swift */ = {isa = PBXFileReference; lastKnownFileType = sourcecode.swift; path = "HomeMap_대전.swift"; sourceTree = "<group>"; };
		4A5FFDB92C4FAF75002F5A77 /* HomeMap_전라북도.swift */ = {isa = PBXFileReference; lastKnownFileType = sourcecode.swift; path = "HomeMap_전라북도.swift"; sourceTree = "<group>"; };
		4A5FFDBB2C4FAFB7002F5A77 /* HomeMap_경상북도.swift */ = {isa = PBXFileReference; lastKnownFileType = sourcecode.swift; path = "HomeMap_경상북도.swift"; sourceTree = "<group>"; };
		4A5FFDBD2C4FAFF2002F5A77 /* HomeMap_경상남도.swift */ = {isa = PBXFileReference; lastKnownFileType = sourcecode.swift; path = "HomeMap_경상남도.swift"; sourceTree = "<group>"; };
		4A5FFDBF2C4FB027002F5A77 /* HomeMap_전라남도.swift */ = {isa = PBXFileReference; lastKnownFileType = sourcecode.swift; path = "HomeMap_전라남도.swift"; sourceTree = "<group>"; };
		4A5FFDC12C4FB056002F5A77 /* HomeMap_부산.swift */ = {isa = PBXFileReference; lastKnownFileType = sourcecode.swift; path = "HomeMap_부산.swift"; sourceTree = "<group>"; };
		4A5FFDC32C4FB08E002F5A77 /* HomeMap_울산.swift */ = {isa = PBXFileReference; lastKnownFileType = sourcecode.swift; path = "HomeMap_울산.swift"; sourceTree = "<group>"; };
		4A5FFDC72C4FB0F1002F5A77 /* HomeMap_제주도.swift */ = {isa = PBXFileReference; lastKnownFileType = sourcecode.swift; path = "HomeMap_제주도.swift"; sourceTree = "<group>"; };
		4A5FFDC92C4FB202002F5A77 /* HomeMap_충청북도.swift */ = {isa = PBXFileReference; lastKnownFileType = sourcecode.swift; path = "HomeMap_충청북도.swift"; sourceTree = "<group>"; };
		4A5FFDCB2C4FB236002F5A77 /* HomeMap_대구.swift */ = {isa = PBXFileReference; lastKnownFileType = sourcecode.swift; path = "HomeMap_대구.swift"; sourceTree = "<group>"; };
		4A5FFDCD2C4FB399002F5A77 /* HomeMap_광주.swift */ = {isa = PBXFileReference; lastKnownFileType = sourcecode.swift; path = "HomeMap_광주.swift"; sourceTree = "<group>"; };
		4A5FFDCF2C4FB3C0002F5A77 /* HomeMap_서울.swift */ = {isa = PBXFileReference; lastKnownFileType = sourcecode.swift; path = "HomeMap_서울.swift"; sourceTree = "<group>"; };
		4A5FFDD32C4FB515002F5A77 /* UIView+.swift */ = {isa = PBXFileReference; lastKnownFileType = sourcecode.swift; path = "UIView+.swift"; sourceTree = "<group>"; };
		4A7101332C6883DB000765CD /* MapDeviceInset.swift */ = {isa = PBXFileReference; lastKnownFileType = sourcecode.swift; path = MapDeviceInset.swift; sourceTree = "<group>"; };
		4AA414442C63B26000AB3CE8 /* RegionType.swift */ = {isa = PBXFileReference; lastKnownFileType = sourcecode.swift; path = RegionType.swift; sourceTree = "<group>"; };
		4AA4144A2C6466E700AB3CE8 /* MapModel.swift */ = {isa = PBXFileReference; lastKnownFileType = sourcecode.swift; path = MapModel.swift; sourceTree = "<group>"; };
		4AA4144E2C64686900AB3CE8 /* ColorWithOpacityModel.swift */ = {isa = PBXFileReference; lastKnownFileType = sourcecode.swift; path = ColorWithOpacityModel.swift; sourceTree = "<group>"; };
		4AAFDB692C494CFF008C6DAF /* dnd-11th-4-iOS.app */ = {isa = PBXFileReference; explicitFileType = wrapper.application; includeInIndex = 0; path = "dnd-11th-4-iOS.app"; sourceTree = BUILT_PRODUCTS_DIR; };
		4AAFDB6C2C494CFF008C6DAF /* AppDelegate.swift */ = {isa = PBXFileReference; lastKnownFileType = sourcecode.swift; path = AppDelegate.swift; sourceTree = "<group>"; };
		4AAFDB6E2C494CFF008C6DAF /* SceneDelegate.swift */ = {isa = PBXFileReference; lastKnownFileType = sourcecode.swift; path = SceneDelegate.swift; sourceTree = "<group>"; };
		4AAFDB702C494CFF008C6DAF /* HomeMapViewController.swift */ = {isa = PBXFileReference; lastKnownFileType = sourcecode.swift; path = HomeMapViewController.swift; sourceTree = "<group>"; };
		4AAFDB752C494D00008C6DAF /* Assets.xcassets */ = {isa = PBXFileReference; lastKnownFileType = folder.assetcatalog; path = Assets.xcassets; sourceTree = "<group>"; };
		4AAFDB782C494D00008C6DAF /* Base */ = {isa = PBXFileReference; lastKnownFileType = file.storyboard; name = Base; path = Base.lproj/LaunchScreen.storyboard; sourceTree = "<group>"; };
		4AAFDB7A2C494D00008C6DAF /* Info.plist */ = {isa = PBXFileReference; lastKnownFileType = text.plist.xml; path = Info.plist; sourceTree = "<group>"; };
		4AAFDBAF2C4953C0008C6DAF /* Network.swift */ = {isa = PBXFileReference; lastKnownFileType = sourcecode.swift; path = Network.swift; sourceTree = "<group>"; };
		4AAFDBB12C4953C9008C6DAF /* Application.swift */ = {isa = PBXFileReference; lastKnownFileType = sourcecode.swift; path = Application.swift; sourceTree = "<group>"; };
		4AAFDBB32C4953CD008C6DAF /* Color.swift */ = {isa = PBXFileReference; lastKnownFileType = sourcecode.swift; path = Color.swift; sourceTree = "<group>"; };
		4AAFDBB52C4953D2008C6DAF /* Font.swift */ = {isa = PBXFileReference; lastKnownFileType = sourcecode.swift; path = Font.swift; sourceTree = "<group>"; };
		B2752E23310EECA8EBA4E6C2 /* Pods-dnd-11th-4-iOS.release.xcconfig */ = {isa = PBXFileReference; includeInIndex = 1; lastKnownFileType = text.xcconfig; name = "Pods-dnd-11th-4-iOS.release.xcconfig"; path = "Target Support Files/Pods-dnd-11th-4-iOS/Pods-dnd-11th-4-iOS.release.xcconfig"; sourceTree = "<group>"; };
		FB0BE4EA2C57B5EB00C34C7B /* PeoplefirstNeat&Loud.otf */ = {isa = PBXFileReference; lastKnownFileType = file; path = "PeoplefirstNeat&Loud.otf"; sourceTree = "<group>"; };
		FB0BE4EC2C57B5FD00C34C7B /* Pretendard-Medium.otf */ = {isa = PBXFileReference; lastKnownFileType = file; path = "Pretendard-Medium.otf"; sourceTree = "<group>"; };
		FB0BE4ED2C57B5FD00C34C7B /* Pretendard-Bold.otf */ = {isa = PBXFileReference; lastKnownFileType = file; path = "Pretendard-Bold.otf"; sourceTree = "<group>"; };
		FB0BE4EE2C57B5FD00C34C7B /* Pretendard-SemiBold.otf */ = {isa = PBXFileReference; lastKnownFileType = file; path = "Pretendard-SemiBold.otf"; sourceTree = "<group>"; };
		FB0BE4EF2C57B5FD00C34C7B /* Pretendard-Regular.otf */ = {isa = PBXFileReference; lastKnownFileType = file; path = "Pretendard-Regular.otf"; sourceTree = "<group>"; };
		FB7AEDD42C74A62900B95784 /* LoginReactor.swift */ = {isa = PBXFileReference; lastKnownFileType = sourcecode.swift; path = LoginReactor.swift; sourceTree = "<group>"; };
		FB7AEDD82C74E72E00B95784 /* ServiceAcceptViewController.swift */ = {isa = PBXFileReference; lastKnownFileType = sourcecode.swift; path = ServiceAcceptViewController.swift; sourceTree = "<group>"; };
		FB7AEDDA2C75AF0B00B95784 /* ServiceAcceptReactor.swift */ = {isa = PBXFileReference; lastKnownFileType = sourcecode.swift; path = ServiceAcceptReactor.swift; sourceTree = "<group>"; };
		FB808E532C5A72E500E9E2E5 /* MDNavigationBar.swift */ = {isa = PBXFileReference; lastKnownFileType = sourcecode.swift; path = MDNavigationBar.swift; sourceTree = "<group>"; };
		FB808E572C622DC600E9E2E5 /* RecordListCell.swift */ = {isa = PBXFileReference; lastKnownFileType = sourcecode.swift; path = RecordListCell.swift; sourceTree = "<group>"; };
		FB808E5B2C63998600E9E2E5 /* RecordListReactor.swift */ = {isa = PBXFileReference; lastKnownFileType = sourcecode.swift; path = RecordListReactor.swift; sourceTree = "<group>"; };
		FB808E5F2C63A61F00E9E2E5 /* MenuAlertView.swift */ = {isa = PBXFileReference; lastKnownFileType = sourcecode.swift; path = MenuAlertView.swift; sourceTree = "<group>"; };
		FB808E632C63C6EE00E9E2E5 /* UIImage+.swift */ = {isa = PBXFileReference; lastKnownFileType = sourcecode.swift; path = "UIImage+.swift"; sourceTree = "<group>"; };
		FB808E652C64BD7500E9E2E5 /* RecordListHeaderView.swift */ = {isa = PBXFileReference; lastKnownFileType = sourcecode.swift; path = RecordListHeaderView.swift; sourceTree = "<group>"; };
		FB808E672C660AE600E9E2E5 /* EmptyRecordView.swift */ = {isa = PBXFileReference; lastKnownFileType = sourcecode.swift; path = EmptyRecordView.swift; sourceTree = "<group>"; };
		FB808E692C6901EA00E9E2E5 /* ListDeleteViewController.swift */ = {isa = PBXFileReference; lastKnownFileType = sourcecode.swift; path = ListDeleteViewController.swift; sourceTree = "<group>"; };
		FB808E892C6B93A000E9E2E5 /* Onboarding_Orange.json */ = {isa = PBXFileReference; fileEncoding = 4; lastKnownFileType = text.json; path = Onboarding_Orange.json; sourceTree = "<group>"; };
		FB808E8A2C6B93A000E9E2E5 /* Onboarding_Pink.json */ = {isa = PBXFileReference; fileEncoding = 4; lastKnownFileType = text.json; path = Onboarding_Pink.json; sourceTree = "<group>"; };
		FB808E8B2C6B93A000E9E2E5 /* Onboarding_Blue.json */ = {isa = PBXFileReference; fileEncoding = 4; lastKnownFileType = text.json; path = Onboarding_Blue.json; sourceTree = "<group>"; };
		FB808E8C2C6B93A000E9E2E5 /* Onboarding_Purple.json */ = {isa = PBXFileReference; fileEncoding = 4; lastKnownFileType = text.json; path = Onboarding_Purple.json; sourceTree = "<group>"; };
		FB808E8D2C6B93A000E9E2E5 /* Onboarding_Yellow.json */ = {isa = PBXFileReference; fileEncoding = 4; lastKnownFileType = text.json; path = Onboarding_Yellow.json; sourceTree = "<group>"; };
		FB808E8E2C6B93A000E9E2E5 /* Onboarding_Green.json */ = {isa = PBXFileReference; fileEncoding = 4; lastKnownFileType = text.json; path = Onboarding_Green.json; sourceTree = "<group>"; };
		FB808E952C6B955B00E9E2E5 /* OnboardingView.swift */ = {isa = PBXFileReference; lastKnownFileType = sourcecode.swift; path = OnboardingView.swift; sourceTree = "<group>"; };
		FB808E972C6BAC6000E9E2E5 /* OnboardingReactor.swift */ = {isa = PBXFileReference; lastKnownFileType = sourcecode.swift; path = OnboardingReactor.swift; sourceTree = "<group>"; };
		FB9B359F2C6F768500FB884E /* SplashViewController.swift */ = {isa = PBXFileReference; lastKnownFileType = sourcecode.swift; path = SplashViewController.swift; sourceTree = "<group>"; };
		FB9B35A12C6F828500FB884E /* ColorType.swift */ = {isa = PBXFileReference; lastKnownFileType = sourcecode.swift; path = ColorType.swift; sourceTree = "<group>"; };
		FBAD5B002C737AF800DC0171 /* LoginViewController.swift */ = {isa = PBXFileReference; lastKnownFileType = sourcecode.swift; path = LoginViewController.swift; sourceTree = "<group>"; };
		FBC970BB2C6CB53B00A892F2 /* dnd-11th-4-iOS.entitlements */ = {isa = PBXFileReference; lastKnownFileType = text.plist.entitlements; path = "dnd-11th-4-iOS.entitlements"; sourceTree = "<group>"; };
		FBE0F5AD2C76315000C81F8A /* UIViewController+.swift */ = {isa = PBXFileReference; lastKnownFileType = sourcecode.swift; path = "UIViewController+.swift"; sourceTree = "<group>"; };
		FBE0F5AF2C78717E00C81F8A /* MyPageView.swift */ = {isa = PBXFileReference; lastKnownFileType = sourcecode.swift; path = MyPageView.swift; sourceTree = "<group>"; };
		FBE0F5B12C789FB700C81F8A /* MyPageCell.swift */ = {isa = PBXFileReference; lastKnownFileType = sourcecode.swift; path = MyPageCell.swift; sourceTree = "<group>"; };
		FBE0F5B32C78AED600C81F8A /* MyPageReactor.swift */ = {isa = PBXFileReference; lastKnownFileType = sourcecode.swift; path = MyPageReactor.swift; sourceTree = "<group>"; };
		FC6186EB1A512F7D1B5F90E0 /* Pods_dnd_11th_4_iOS.framework */ = {isa = PBXFileReference; explicitFileType = wrapper.framework; includeInIndex = 0; path = Pods_dnd_11th_4_iOS.framework; sourceTree = BUILT_PRODUCTS_DIR; };
/* End PBXFileReference section */

/* Begin PBXFrameworksBuildPhase section */
		4AAFDB662C494CFF008C6DAF /* Frameworks */ = {
			isa = PBXFrameworksBuildPhase;
			buildActionMask = 2147483647;
			files = (
				9B683A9A3DF08F60898F35CD /* Pods_dnd_11th_4_iOS.framework in Frameworks */,
			);
			runOnlyForDeploymentPostprocessing = 0;
		};
/* End PBXFrameworksBuildPhase section */

/* Begin PBXGroup section */
		081D77DF1AD4759C8D8F46D4 /* Frameworks */ = {
			isa = PBXGroup;
			children = (
				FC6186EB1A512F7D1B5F90E0 /* Pods_dnd_11th_4_iOS.framework */,
			);
			name = Frameworks;
			sourceTree = "<group>";
		};
		4A16E2A22C5A4DDD00F48180 /* Onboarding */ = {
			isa = PBXGroup;
			children = (
				FB9B35A42C6F83DE00FB884E /* Model */,
				FB9B35992C6F755400FB884E /* View */,
				FB9B35982C6F753D00FB884E /* Reactor */,
				4A16E2C92C5A5C2500F48180 /* ViewController */,
				4A16E2A52C5A4E2900F48180 /* OnboardingMap */,
			);
			path = Onboarding;
			sourceTree = "<group>";
		};
		4A16E2A52C5A4E2900F48180 /* OnboardingMap */ = {
			isa = PBXGroup;
			children = (
				FB808E8B2C6B93A000E9E2E5 /* Onboarding_Blue.json */,
				FB808E8E2C6B93A000E9E2E5 /* Onboarding_Green.json */,
				FB808E892C6B93A000E9E2E5 /* Onboarding_Orange.json */,
				FB808E8A2C6B93A000E9E2E5 /* Onboarding_Pink.json */,
				FB808E8C2C6B93A000E9E2E5 /* Onboarding_Purple.json */,
				FB808E8D2C6B93A000E9E2E5 /* Onboarding_Yellow.json */,
			);
			path = OnboardingMap;
			sourceTree = "<group>";
		};
		4A16E2C72C5A5C0E00F48180 /* MapView */ = {
			isa = PBXGroup;
			children = (
				4A5FFDCF2C4FB3C0002F5A77 /* HomeMap_서울.swift */,
				4A5FFDA72C4FABBF002F5A77 /* HomeMap_경기도.swift */,
				4A5FFDAA2C4FAD05002F5A77 /* HomeMap_인천.swift */,
				4A5FFDB32C4FAEB2002F5A77 /* HomeMap_강원도.swift */,
				4A5FFDC92C4FB202002F5A77 /* HomeMap_충청북도.swift */,
				4A5FFDB12C4FAE73002F5A77 /* HomeMap_충청남도.swift */,
				4A5FFDB52C4FAF12002F5A77 /* HomeMap_대전.swift */,
				4A5FFDBB2C4FAFB7002F5A77 /* HomeMap_경상북도.swift */,
				4A5FFDBD2C4FAFF2002F5A77 /* HomeMap_경상남도.swift */,
				4A5FFDCB2C4FB236002F5A77 /* HomeMap_대구.swift */,
				4A5FFDC32C4FB08E002F5A77 /* HomeMap_울산.swift */,
				4A5FFDC12C4FB056002F5A77 /* HomeMap_부산.swift */,
				4A5FFDB92C4FAF75002F5A77 /* HomeMap_전라북도.swift */,
				4A5FFDBF2C4FB027002F5A77 /* HomeMap_전라남도.swift */,
				4A5FFDCD2C4FB399002F5A77 /* HomeMap_광주.swift */,
				4A5FFDC72C4FB0F1002F5A77 /* HomeMap_제주도.swift */,
			);
			path = MapView;
			sourceTree = "<group>";
		};
		4A16E2C82C5A5C1F00F48180 /* ViewController */ = {
			isa = PBXGroup;
			children = (
				4AAFDB702C494CFF008C6DAF /* HomeMapViewController.swift */,
			);
			path = ViewController;
			sourceTree = "<group>";
		};
		4A16E2C92C5A5C2500F48180 /* ViewController */ = {
			isa = PBXGroup;
			children = (
				4A16E2A32C5A4DE700F48180 /* OnboardingViewController.swift */,
			);
			path = ViewController;
			sourceTree = "<group>";
		};
		4A16E2CA2C5A5C4C00F48180 /* Protocol */ = {
			isa = PBXGroup;
			children = (
				4A5FFDAD2C4FAD42002F5A77 /* DrawMapProtocol.swift */,
			);
			path = Protocol;
			sourceTree = "<group>";
		};
		4A16E2CB2C5A6B7200F48180 /* TabBar */ = {
			isa = PBXGroup;
			children = (
				4A16E2CC2C5A6B7E00F48180 /* TabBarViewController.swift */,
			);
			path = TabBar;
			sourceTree = "<group>";
		};
		4A16E2CE2C5A6FED00F48180 /* RecordList */ = {
			isa = PBXGroup;
			children = (
				FB9B359C2C6F758000FB884E /* View */,
				FB9B359B2C6F757200FB884E /* Reactor */,
				FB9B359A2C6F756600FB884E /* ViewController */,
			);
			path = RecordList;
			sourceTree = "<group>";
		};
		4A16E2D12C5A70A500F48180 /* MyPage */ = {
			isa = PBXGroup;
			children = (
				4A16E2D22C5A70AC00F48180 /* MyPageViewController.swift */,
				FBE0F5AF2C78717E00C81F8A /* MyPageView.swift */,
				FBE0F5B12C789FB700C81F8A /* MyPageCell.swift */,
				FBE0F5B32C78AED600C81F8A /* MyPageReactor.swift */,
			);
			path = MyPage;
			sourceTree = "<group>";
		};
		4A16E2D62C5B431D00F48180 /* UIComponent */ = {
			isa = PBXGroup;
			children = (
				4A16E2D72C5B434F00F48180 /* MDLabel.swift */,
				4A16E2D92C5B44FD00F48180 /* MDButton.swift */,
				4A16E2DB2C5B50DF00F48180 /* MDToastView.swift */,
				4A16E2DD2C5CC3BA00F48180 /* MDToast.swift */,
				4A16E2E52C5D0F5D00F48180 /* MDPopUpView.swift */,
				FB808E532C5A72E500E9E2E5 /* MDNavigationBar.swift */,
			);
			path = UIComponent;
			sourceTree = "<group>";
		};
		4A16E2E22C5D0DEC00F48180 /* PopUp */ = {
			isa = PBXGroup;
			children = (
				4A16E2E32C5D0DFA00F48180 /* PopUpViewController.swift */,
				FB808E692C6901EA00E9E2E5 /* ListDeleteViewController.swift */,
			);
			path = PopUp;
			sourceTree = "<group>";
		};
		4A5FFDA42C4FAA60002F5A77 /* Constant */ = {
			isa = PBXGroup;
			children = (
				4A5FFDA52C4FAA6A002F5A77 /* Constant.swift */,
			);
			path = Constant;
			sourceTree = "<group>";
		};
		4A5FFDD22C4FB50D002F5A77 /* Extension */ = {
			isa = PBXGroup;
			children = (
				4A5FFDD32C4FB515002F5A77 /* UIView+.swift */,
				FB808E632C63C6EE00E9E2E5 /* UIImage+.swift */,
				FBE0F5AD2C76315000C81F8A /* UIViewController+.swift */,
			);
			path = Extension;
			sourceTree = "<group>";
		};
		4AA414482C64665F00AB3CE8 /* Reactor */ = {
			isa = PBXGroup;
			children = (
				4A16E2F52C60F8DA00F48180 /* HomeMapReactor.swift */,
			);
			path = Reactor;
			sourceTree = "<group>";
		};
		4AA414492C64667000AB3CE8 /* Model */ = {
			isa = PBXGroup;
			children = (
				4A16E2ED2C60AD8F00F48180 /* OpacityColorType.swift */,
				4AA414442C63B26000AB3CE8 /* RegionType.swift */,
				4AA4144E2C64686900AB3CE8 /* ColorWithOpacityModel.swift */,
				4AA4144A2C6466E700AB3CE8 /* MapModel.swift */,
				4A7101332C6883DB000765CD /* MapDeviceInset.swift */,
			);
			path = Model;
			sourceTree = "<group>";
		};
		4AAFDB602C494CFF008C6DAF = {
			isa = PBXGroup;
			children = (
				4AAFDB6B2C494CFF008C6DAF /* dnd-11th-4-iOS */,
				4AAFDB6A2C494CFF008C6DAF /* Products */,
				6435613A2484E869917A686A /* Pods */,
				081D77DF1AD4759C8D8F46D4 /* Frameworks */,
			);
			sourceTree = "<group>";
		};
		4AAFDB6A2C494CFF008C6DAF /* Products */ = {
			isa = PBXGroup;
			children = (
				4AAFDB692C494CFF008C6DAF /* dnd-11th-4-iOS.app */,
			);
			name = Products;
			sourceTree = "<group>";
		};
		4AAFDB6B2C494CFF008C6DAF /* dnd-11th-4-iOS */ = {
			isa = PBXGroup;
			children = (
				FBC970BB2C6CB53B00A892F2 /* dnd-11th-4-iOS.entitlements */,
				4AAFDBAB2C49538D008C6DAF /* Global */,
				4AAFDBA92C495320008C6DAF /* Network */,
				4AAFDBA82C495290008C6DAF /* Presentation */,
				4AAFDBAA2C495339008C6DAF /* Application */,
			);
			path = "dnd-11th-4-iOS";
			sourceTree = "<group>";
		};
		4AAFDBA82C495290008C6DAF /* Presentation */ = {
			isa = PBXGroup;
			children = (
				FBE0F5AA2C75F14A00C81F8A /* ServiceAccept */,
				FBAD5AFF2C737AE000DC0171 /* Login */,
				FB9B359D2C6F763F00FB884E /* Splash */,
				4A16E2E22C5D0DEC00F48180 /* PopUp */,
				4A16E2D12C5A70A500F48180 /* MyPage */,
				4A16E2CE2C5A6FED00F48180 /* RecordList */,
				4A16E2CB2C5A6B7200F48180 /* TabBar */,
				4A16E2A22C5A4DDD00F48180 /* Onboarding */,
				4ADB30212C4FC0E000CAC638 /* Home */,
			);
			path = Presentation;
			sourceTree = "<group>";
		};
		4AAFDBA92C495320008C6DAF /* Network */ = {
			isa = PBXGroup;
			children = (
				4AAFDBAF2C4953C0008C6DAF /* Network.swift */,
			);
			path = Network;
			sourceTree = "<group>";
		};
		4AAFDBAA2C495339008C6DAF /* Application */ = {
			isa = PBXGroup;
			children = (
				4AAFDB7A2C494D00008C6DAF /* Info.plist */,
				4AAFDB772C494D00008C6DAF /* LaunchScreen.storyboard */,
				4AAFDB6C2C494CFF008C6DAF /* AppDelegate.swift */,
				4AAFDB6E2C494CFF008C6DAF /* SceneDelegate.swift */,
				4AAFDBB12C4953C9008C6DAF /* Application.swift */,
			);
			path = Application;
			sourceTree = "<group>";
		};
		4AAFDBAB2C49538D008C6DAF /* Global */ = {
			isa = PBXGroup;
			children = (
				4A16E2CA2C5A5C4C00F48180 /* Protocol */,
				4A5FFDD22C4FB50D002F5A77 /* Extension */,
				4A5FFDA42C4FAA60002F5A77 /* Constant */,
				4A16E2D62C5B431D00F48180 /* UIComponent */,
				4AAFDBAC2C495392008C6DAF /* DesignSystem */,
			);
			path = Global;
			sourceTree = "<group>";
		};
		4AAFDBAC2C495392008C6DAF /* DesignSystem */ = {
			isa = PBXGroup;
			children = (
				4AAFDB752C494D00008C6DAF /* Assets.xcassets */,
				4AAFDBAE2C4953A8008C6DAF /* Color */,
				4AAFDBAD2C4953A3008C6DAF /* Font */,
			);
			path = DesignSystem;
			sourceTree = "<group>";
		};
		4AAFDBAD2C4953A3008C6DAF /* Font */ = {
			isa = PBXGroup;
			children = (
				FB0BE4EA2C57B5EB00C34C7B /* PeoplefirstNeat&Loud.otf */,
				FB0BE4ED2C57B5FD00C34C7B /* Pretendard-Bold.otf */,
				FB0BE4EE2C57B5FD00C34C7B /* Pretendard-SemiBold.otf */,
				FB0BE4EC2C57B5FD00C34C7B /* Pretendard-Medium.otf */,
				FB0BE4EF2C57B5FD00C34C7B /* Pretendard-Regular.otf */,
				4AAFDBB52C4953D2008C6DAF /* Font.swift */,
			);
			path = Font;
			sourceTree = "<group>";
		};
		4AAFDBAE2C4953A8008C6DAF /* Color */ = {
			isa = PBXGroup;
			children = (
				4AAFDBB32C4953CD008C6DAF /* Color.swift */,
			);
			path = Color;
			sourceTree = "<group>";
		};
		4ADB30212C4FC0E000CAC638 /* Home */ = {
			isa = PBXGroup;
			children = (
				4A16E2C82C5A5C1F00F48180 /* ViewController */,
				4AA414482C64665F00AB3CE8 /* Reactor */,
				4A16E2C72C5A5C0E00F48180 /* MapView */,
				4AA414492C64667000AB3CE8 /* Model */,
			);
			path = Home;
			sourceTree = "<group>";
		};
		6435613A2484E869917A686A /* Pods */ = {
			isa = PBXGroup;
			children = (
				42A37440E49DA42B64FA649E /* Pods-dnd-11th-4-iOS.debug.xcconfig */,
				B2752E23310EECA8EBA4E6C2 /* Pods-dnd-11th-4-iOS.release.xcconfig */,
			);
			path = Pods;
			sourceTree = "<group>";
		};
		FB7AEDD62C74E3EA00B95784 /* Reactor */ = {
			isa = PBXGroup;
			children = (
				FB7AEDD42C74A62900B95784 /* LoginReactor.swift */,
			);
			path = Reactor;
			sourceTree = "<group>";
		};
		FB7AEDD72C74E3F800B95784 /* ViewController */ = {
			isa = PBXGroup;
			children = (
				FBAD5B002C737AF800DC0171 /* LoginViewController.swift */,
			);
			path = ViewController;
			sourceTree = "<group>";
		};
		FB9B35982C6F753D00FB884E /* Reactor */ = {
			isa = PBXGroup;
			children = (
				FB808E972C6BAC6000E9E2E5 /* OnboardingReactor.swift */,
			);
			path = Reactor;
			sourceTree = "<group>";
		};
		FB9B35992C6F755400FB884E /* View */ = {
			isa = PBXGroup;
			children = (
				FB808E952C6B955B00E9E2E5 /* OnboardingView.swift */,
			);
			path = View;
			sourceTree = "<group>";
		};
		FB9B359A2C6F756600FB884E /* ViewController */ = {
			isa = PBXGroup;
			children = (
				4A16E2CF2C5A702000F48180 /* RecordListViewController.swift */,
			);
			path = ViewController;
			sourceTree = "<group>";
		};
		FB9B359B2C6F757200FB884E /* Reactor */ = {
			isa = PBXGroup;
			children = (
				FB808E5B2C63998600E9E2E5 /* RecordListReactor.swift */,
			);
			path = Reactor;
			sourceTree = "<group>";
		};
		FB9B359C2C6F758000FB884E /* View */ = {
			isa = PBXGroup;
			children = (
				FB808E572C622DC600E9E2E5 /* RecordListCell.swift */,
				FB808E5F2C63A61F00E9E2E5 /* MenuAlertView.swift */,
				FB808E652C64BD7500E9E2E5 /* RecordListHeaderView.swift */,
				FB808E672C660AE600E9E2E5 /* EmptyRecordView.swift */,
			);
			path = View;
			sourceTree = "<group>";
		};
		FB9B359D2C6F763F00FB884E /* Splash */ = {
			isa = PBXGroup;
			children = (
				FB9B359E2C6F766D00FB884E /* ViewController */,
			);
			path = Splash;
			sourceTree = "<group>";
		};
		FB9B359E2C6F766D00FB884E /* ViewController */ = {
			isa = PBXGroup;
			children = (
				FB9B359F2C6F768500FB884E /* SplashViewController.swift */,
			);
			path = ViewController;
			sourceTree = "<group>";
		};
		FB9B35A42C6F83DE00FB884E /* Model */ = {
			isa = PBXGroup;
			children = (
				FB9B35A12C6F828500FB884E /* ColorType.swift */,
			);
			path = Model;
			sourceTree = "<group>";
		};
		FBAD5AFF2C737AE000DC0171 /* Login */ = {
			isa = PBXGroup;
			children = (
				FB7AEDD72C74E3F800B95784 /* ViewController */,
				FB7AEDD62C74E3EA00B95784 /* Reactor */,
			);
			name = Login;
			path = Splash/Login;
			sourceTree = "<group>";
		};
		FBE0F5AA2C75F14A00C81F8A /* ServiceAccept */ = {
			isa = PBXGroup;
			children = (
				FBE0F5AC2C75F15F00C81F8A /* Reactor */,
				FBE0F5AB2C75F15400C81F8A /* ViewController */,
			);
			path = ServiceAccept;
			sourceTree = "<group>";
		};
		FBE0F5AB2C75F15400C81F8A /* ViewController */ = {
			isa = PBXGroup;
			children = (
				FB7AEDD82C74E72E00B95784 /* ServiceAcceptViewController.swift */,
			);
			path = ViewController;
			sourceTree = "<group>";
		};
		FBE0F5AC2C75F15F00C81F8A /* Reactor */ = {
			isa = PBXGroup;
			children = (
				FB7AEDDA2C75AF0B00B95784 /* ServiceAcceptReactor.swift */,
			);
			path = Reactor;
			sourceTree = "<group>";
		};
/* End PBXGroup section */

/* Begin PBXNativeTarget section */
		4AAFDB682C494CFF008C6DAF /* dnd-11th-4-iOS */ = {
			isa = PBXNativeTarget;
			buildConfigurationList = 4AAFDB7D2C494D00008C6DAF /* Build configuration list for PBXNativeTarget "dnd-11th-4-iOS" */;
			buildPhases = (
				1A5BBA7B6C5C27B13A270B3C /* [CP] Check Pods Manifest.lock */,
				4AAFDB652C494CFF008C6DAF /* Sources */,
				4AAFDB662C494CFF008C6DAF /* Frameworks */,
				4AAFDB672C494CFF008C6DAF /* Resources */,
				3B764796A3F3682302716297 /* [CP] Embed Pods Frameworks */,
			);
			buildRules = (
			);
			dependencies = (
			);
			name = "dnd-11th-4-iOS";
			productName = "dnd-11th-4-iOS";
			productReference = 4AAFDB692C494CFF008C6DAF /* dnd-11th-4-iOS.app */;
			productType = "com.apple.product-type.application";
		};
/* End PBXNativeTarget section */

/* Begin PBXProject section */
		4AAFDB612C494CFF008C6DAF /* Project object */ = {
			isa = PBXProject;
			attributes = {
				BuildIndependentTargetsInParallel = 1;
				LastSwiftUpdateCheck = 1500;
				LastUpgradeCheck = 1500;
				TargetAttributes = {
					4AAFDB682C494CFF008C6DAF = {
						CreatedOnToolsVersion = 15.0;
					};
				};
			};
			buildConfigurationList = 4AAFDB642C494CFF008C6DAF /* Build configuration list for PBXProject "dnd-11th-4-iOS" */;
			compatibilityVersion = "Xcode 14.0";
			developmentRegion = en;
			hasScannedForEncodings = 0;
			knownRegions = (
				en,
				Base,
			);
			mainGroup = 4AAFDB602C494CFF008C6DAF;
			productRefGroup = 4AAFDB6A2C494CFF008C6DAF /* Products */;
			projectDirPath = "";
			projectRoot = "";
			targets = (
				4AAFDB682C494CFF008C6DAF /* dnd-11th-4-iOS */,
			);
		};
/* End PBXProject section */

/* Begin PBXResourcesBuildPhase section */
		4AAFDB672C494CFF008C6DAF /* Resources */ = {
			isa = PBXResourcesBuildPhase;
			buildActionMask = 2147483647;
			files = (
				FB808E912C6B93A000E9E2E5 /* Onboarding_Blue.json in Resources */,
				FB0BE4EB2C57B5EB00C34C7B /* PeoplefirstNeat&Loud.otf in Resources */,
				FB0BE4F12C57B5FD00C34C7B /* Pretendard-Bold.otf in Resources */,
				FB808E922C6B93A000E9E2E5 /* Onboarding_Purple.json in Resources */,
				FB808E932C6B93A000E9E2E5 /* Onboarding_Yellow.json in Resources */,
				FB808E942C6B93A000E9E2E5 /* Onboarding_Green.json in Resources */,
				FB808E902C6B93A000E9E2E5 /* Onboarding_Pink.json in Resources */,
				4AAFDB792C494D00008C6DAF /* LaunchScreen.storyboard in Resources */,
				FB0BE4F22C57B5FD00C34C7B /* Pretendard-SemiBold.otf in Resources */,
				FB808E8F2C6B93A000E9E2E5 /* Onboarding_Orange.json in Resources */,
				FB0BE4F32C57B5FD00C34C7B /* Pretendard-Regular.otf in Resources */,
				4AAFDB762C494D00008C6DAF /* Assets.xcassets in Resources */,
				FB0BE4F02C57B5FD00C34C7B /* Pretendard-Medium.otf in Resources */,
			);
			runOnlyForDeploymentPostprocessing = 0;
		};
/* End PBXResourcesBuildPhase section */

/* Begin PBXShellScriptBuildPhase section */
		1A5BBA7B6C5C27B13A270B3C /* [CP] Check Pods Manifest.lock */ = {
			isa = PBXShellScriptBuildPhase;
			buildActionMask = 2147483647;
			files = (
			);
			inputFileListPaths = (
			);
			inputPaths = (
				"${PODS_PODFILE_DIR_PATH}/Podfile.lock",
				"${PODS_ROOT}/Manifest.lock",
			);
			name = "[CP] Check Pods Manifest.lock";
			outputFileListPaths = (
			);
			outputPaths = (
				"$(DERIVED_FILE_DIR)/Pods-dnd-11th-4-iOS-checkManifestLockResult.txt",
			);
			runOnlyForDeploymentPostprocessing = 0;
			shellPath = /bin/sh;
			shellScript = "diff \"${PODS_PODFILE_DIR_PATH}/Podfile.lock\" \"${PODS_ROOT}/Manifest.lock\" > /dev/null\nif [ $? != 0 ] ; then\n    # print error to STDERR\n    echo \"error: The sandbox is not in sync with the Podfile.lock. Run 'pod install' or update your CocoaPods installation.\" >&2\n    exit 1\nfi\n# This output is used by Xcode 'outputs' to avoid re-running this script phase.\necho \"SUCCESS\" > \"${SCRIPT_OUTPUT_FILE_0}\"\n";
			showEnvVarsInLog = 0;
		};
		3B764796A3F3682302716297 /* [CP] Embed Pods Frameworks */ = {
			isa = PBXShellScriptBuildPhase;
			buildActionMask = 2147483647;
			files = (
			);
			inputFileListPaths = (
				"${PODS_ROOT}/Target Support Files/Pods-dnd-11th-4-iOS/Pods-dnd-11th-4-iOS-frameworks-${CONFIGURATION}-input-files.xcfilelist",
			);
			name = "[CP] Embed Pods Frameworks";
			outputFileListPaths = (
				"${PODS_ROOT}/Target Support Files/Pods-dnd-11th-4-iOS/Pods-dnd-11th-4-iOS-frameworks-${CONFIGURATION}-output-files.xcfilelist",
			);
			runOnlyForDeploymentPostprocessing = 0;
			shellPath = /bin/sh;
			shellScript = "\"${PODS_ROOT}/Target Support Files/Pods-dnd-11th-4-iOS/Pods-dnd-11th-4-iOS-frameworks.sh\"\n";
			showEnvVarsInLog = 0;
		};
/* End PBXShellScriptBuildPhase section */

/* Begin PBXSourcesBuildPhase section */
		4AAFDB652C494CFF008C6DAF /* Sources */ = {
			isa = PBXSourcesBuildPhase;
			buildActionMask = 2147483647;
			files = (
				4A16E2EF2C60F0A700F48180 /* HomeMap_인천.swift in Sources */,
				FB7AEDD92C74E72E00B95784 /* ServiceAcceptViewController.swift in Sources */,
				FBE0F5AE2C76315000C81F8A /* UIViewController+.swift in Sources */,
				4A16E2F02C60F0A700F48180 /* HomeMap_경상북도.swift in Sources */,
				4A16E2F12C60F0A700F48180 /* HomeMap_울산.swift in Sources */,
				FB9B35A02C6F768500FB884E /* SplashViewController.swift in Sources */,
				4A16E2F22C60F0A700F48180 /* HomeMap_전라북도.swift in Sources */,
				4A16E2F32C60F0A700F48180 /* HomeMap_광주.swift in Sources */,
				FB808E642C63C6EE00E9E2E5 /* UIImage+.swift in Sources */,
				4A16E2F42C60F0A700F48180 /* (null) in Sources */,
				4AAFDBB22C4953C9008C6DAF /* Application.swift in Sources */,
				4A5FFDB22C4FAE73002F5A77 /* HomeMap_충청남도.swift in Sources */,
				FB7AEDDB2C75AF0B00B95784 /* ServiceAcceptReactor.swift in Sources */,
				4A5FFDC82C4FB0F1002F5A77 /* HomeMap_제주도.swift in Sources */,
				4AAFDB712C494CFF008C6DAF /* HomeMapViewController.swift in Sources */,
				4A5FFDCA2C4FB202002F5A77 /* HomeMap_충청북도.swift in Sources */,
				FB808E682C660AE600E9E2E5 /* EmptyRecordView.swift in Sources */,
				4A5FFDBE2C4FAFF2002F5A77 /* HomeMap_경상남도.swift in Sources */,
				4AAFDBB62C4953D2008C6DAF /* Font.swift in Sources */,
				4A5FFDD02C4FB3C0002F5A77 /* HomeMap_서울.swift in Sources */,
				FBE0F5B22C789FB700C81F8A /* MyPageCell.swift in Sources */,
				4A5FFDA62C4FAA6A002F5A77 /* Constant.swift in Sources */,
				FB808E582C622DC600E9E2E5 /* RecordListCell.swift in Sources */,
				FB808E542C5A72E500E9E2E5 /* MDNavigationBar.swift in Sources */,
				4A16E2DE2C5CC3BA00F48180 /* MDToast.swift in Sources */,
				4A16E2CD2C5A6B7E00F48180 /* TabBarViewController.swift in Sources */,
				4AA414452C63B26000AB3CE8 /* RegionType.swift in Sources */,
				4A16E2D32C5A70AC00F48180 /* MyPageViewController.swift in Sources */,
				FB808E5C2C63998600E9E2E5 /* RecordListReactor.swift in Sources */,
				4A16E2A42C5A4DE700F48180 /* OnboardingViewController.swift in Sources */,
				4A16E2D82C5B434F00F48180 /* MDLabel.swift in Sources */,
				4A16E2DC2C5B50DF00F48180 /* MDToastView.swift in Sources */,
				FBAD5B012C737AF800DC0171 /* LoginViewController.swift in Sources */,
				FBE0F5B02C78717E00C81F8A /* MyPageView.swift in Sources */,
				FB808E982C6BAC6000E9E2E5 /* OnboardingReactor.swift in Sources */,
				FB808E6A2C6901EA00E9E2E5 /* ListDeleteViewController.swift in Sources */,
				4A16E2DA2C5B44FD00F48180 /* MDButton.swift in Sources */,
				FB7AEDD52C74A62900B95784 /* LoginReactor.swift in Sources */,
				4A5FFDD42C4FB515002F5A77 /* UIView+.swift in Sources */,
				4AAFDB6D2C494CFF008C6DAF /* AppDelegate.swift in Sources */,
				4AAFDBB02C4953C0008C6DAF /* Network.swift in Sources */,
				4A16E2F62C60F8DA00F48180 /* HomeMapReactor.swift in Sources */,
				4A5FFDC22C4FB056002F5A77 /* HomeMap_부산.swift in Sources */,
				FB9B35A52C6F99EE00FB884E /* ColorType.swift in Sources */,
				4AAFDB6F2C494CFF008C6DAF /* SceneDelegate.swift in Sources */,
				4A16E2E62C5D0F5D00F48180 /* MDPopUpView.swift in Sources */,
				FB808E962C6B955B00E9E2E5 /* OnboardingView.swift in Sources */,
				FB808E602C63A61F00E9E2E5 /* MenuAlertView.swift in Sources */,
				FB808E662C64BD7500E9E2E5 /* RecordListHeaderView.swift in Sources */,
				4A5FFDB42C4FAEB2002F5A77 /* HomeMap_강원도.swift in Sources */,
				4A16E2D02C5A702000F48180 /* RecordListViewController.swift in Sources */,
				4A5FFDA82C4FABBF002F5A77 /* HomeMap_경기도.swift in Sources */,
				4A7101342C6883DB000765CD /* MapDeviceInset.swift in Sources */,
				4A5FFDB62C4FAF12002F5A77 /* HomeMap_대전.swift in Sources */,
				4A5FFDCC2C4FB236002F5A77 /* HomeMap_대구.swift in Sources */,
				4AA4144B2C6466E700AB3CE8 /* MapModel.swift in Sources */,
				4AAFDBB42C4953CD008C6DAF /* Color.swift in Sources */,
				FBE0F5B42C78AED600C81F8A /* MyPageReactor.swift in Sources */,
				4AA4144F2C64686900AB3CE8 /* ColorWithOpacityModel.swift in Sources */,
				4A16E2EE2C60AD8F00F48180 /* OpacityColorType.swift in Sources */,
				4A5FFDC02C4FB027002F5A77 /* HomeMap_전라남도.swift in Sources */,
				4A5FFDAE2C4FAD42002F5A77 /* DrawMapProtocol.swift in Sources */,
				4A16E2E42C5D0DFA00F48180 /* PopUpViewController.swift in Sources */,
			);
			runOnlyForDeploymentPostprocessing = 0;
		};
/* End PBXSourcesBuildPhase section */

/* Begin PBXVariantGroup section */
		4AAFDB772C494D00008C6DAF /* LaunchScreen.storyboard */ = {
			isa = PBXVariantGroup;
			children = (
				4AAFDB782C494D00008C6DAF /* Base */,
			);
			name = LaunchScreen.storyboard;
			sourceTree = "<group>";
		};
/* End PBXVariantGroup section */

/* Begin XCBuildConfiguration section */
		4AAFDB7B2C494D00008C6DAF /* Debug */ = {
			isa = XCBuildConfiguration;
			buildSettings = {
				ALWAYS_SEARCH_USER_PATHS = NO;
				ASSETCATALOG_COMPILER_GENERATE_SWIFT_ASSET_SYMBOL_EXTENSIONS = YES;
				CLANG_ANALYZER_NONNULL = YES;
				CLANG_ANALYZER_NUMBER_OBJECT_CONVERSION = YES_AGGRESSIVE;
				CLANG_CXX_LANGUAGE_STANDARD = "gnu++20";
				CLANG_ENABLE_MODULES = YES;
				CLANG_ENABLE_OBJC_ARC = YES;
				CLANG_ENABLE_OBJC_WEAK = YES;
				CLANG_WARN_BLOCK_CAPTURE_AUTORELEASING = YES;
				CLANG_WARN_BOOL_CONVERSION = YES;
				CLANG_WARN_COMMA = YES;
				CLANG_WARN_CONSTANT_CONVERSION = YES;
				CLANG_WARN_DEPRECATED_OBJC_IMPLEMENTATIONS = YES;
				CLANG_WARN_DIRECT_OBJC_ISA_USAGE = YES_ERROR;
				CLANG_WARN_DOCUMENTATION_COMMENTS = YES;
				CLANG_WARN_EMPTY_BODY = YES;
				CLANG_WARN_ENUM_CONVERSION = YES;
				CLANG_WARN_INFINITE_RECURSION = YES;
				CLANG_WARN_INT_CONVERSION = YES;
				CLANG_WARN_NON_LITERAL_NULL_CONVERSION = YES;
				CLANG_WARN_OBJC_IMPLICIT_RETAIN_SELF = YES;
				CLANG_WARN_OBJC_LITERAL_CONVERSION = YES;
				CLANG_WARN_OBJC_ROOT_CLASS = YES_ERROR;
				CLANG_WARN_QUOTED_INCLUDE_IN_FRAMEWORK_HEADER = YES;
				CLANG_WARN_RANGE_LOOP_ANALYSIS = YES;
				CLANG_WARN_STRICT_PROTOTYPES = YES;
				CLANG_WARN_SUSPICIOUS_MOVE = YES;
				CLANG_WARN_UNGUARDED_AVAILABILITY = YES_AGGRESSIVE;
				CLANG_WARN_UNREACHABLE_CODE = YES;
				CLANG_WARN__DUPLICATE_METHOD_MATCH = YES;
				COPY_PHASE_STRIP = NO;
				DEBUG_INFORMATION_FORMAT = dwarf;
				ENABLE_STRICT_OBJC_MSGSEND = YES;
				ENABLE_TESTABILITY = YES;
				ENABLE_USER_SCRIPT_SANDBOXING = NO;
				GCC_C_LANGUAGE_STANDARD = gnu17;
				GCC_DYNAMIC_NO_PIC = NO;
				GCC_NO_COMMON_BLOCKS = YES;
				GCC_OPTIMIZATION_LEVEL = 0;
				GCC_PREPROCESSOR_DEFINITIONS = (
					"DEBUG=1",
					"$(inherited)",
				);
				GCC_WARN_64_TO_32_BIT_CONVERSION = YES;
				GCC_WARN_ABOUT_RETURN_TYPE = YES_ERROR;
				GCC_WARN_UNDECLARED_SELECTOR = YES;
				GCC_WARN_UNINITIALIZED_AUTOS = YES_AGGRESSIVE;
				GCC_WARN_UNUSED_FUNCTION = YES;
				GCC_WARN_UNUSED_VARIABLE = YES;
				IPHONEOS_DEPLOYMENT_TARGET = 15.0;
				LOCALIZATION_PREFERS_STRING_CATALOGS = YES;
				MTL_ENABLE_DEBUG_INFO = INCLUDE_SOURCE;
				MTL_FAST_MATH = YES;
				ONLY_ACTIVE_ARCH = YES;
				SDKROOT = iphoneos;
				SWIFT_ACTIVE_COMPILATION_CONDITIONS = "DEBUG $(inherited)";
				SWIFT_OPTIMIZATION_LEVEL = "-Onone";
			};
			name = Debug;
		};
		4AAFDB7C2C494D00008C6DAF /* Release */ = {
			isa = XCBuildConfiguration;
			buildSettings = {
				ALWAYS_SEARCH_USER_PATHS = NO;
				ASSETCATALOG_COMPILER_GENERATE_SWIFT_ASSET_SYMBOL_EXTENSIONS = YES;
				CLANG_ANALYZER_NONNULL = YES;
				CLANG_ANALYZER_NUMBER_OBJECT_CONVERSION = YES_AGGRESSIVE;
				CLANG_CXX_LANGUAGE_STANDARD = "gnu++20";
				CLANG_ENABLE_MODULES = YES;
				CLANG_ENABLE_OBJC_ARC = YES;
				CLANG_ENABLE_OBJC_WEAK = YES;
				CLANG_WARN_BLOCK_CAPTURE_AUTORELEASING = YES;
				CLANG_WARN_BOOL_CONVERSION = YES;
				CLANG_WARN_COMMA = YES;
				CLANG_WARN_CONSTANT_CONVERSION = YES;
				CLANG_WARN_DEPRECATED_OBJC_IMPLEMENTATIONS = YES;
				CLANG_WARN_DIRECT_OBJC_ISA_USAGE = YES_ERROR;
				CLANG_WARN_DOCUMENTATION_COMMENTS = YES;
				CLANG_WARN_EMPTY_BODY = YES;
				CLANG_WARN_ENUM_CONVERSION = YES;
				CLANG_WARN_INFINITE_RECURSION = YES;
				CLANG_WARN_INT_CONVERSION = YES;
				CLANG_WARN_NON_LITERAL_NULL_CONVERSION = YES;
				CLANG_WARN_OBJC_IMPLICIT_RETAIN_SELF = YES;
				CLANG_WARN_OBJC_LITERAL_CONVERSION = YES;
				CLANG_WARN_OBJC_ROOT_CLASS = YES_ERROR;
				CLANG_WARN_QUOTED_INCLUDE_IN_FRAMEWORK_HEADER = YES;
				CLANG_WARN_RANGE_LOOP_ANALYSIS = YES;
				CLANG_WARN_STRICT_PROTOTYPES = YES;
				CLANG_WARN_SUSPICIOUS_MOVE = YES;
				CLANG_WARN_UNGUARDED_AVAILABILITY = YES_AGGRESSIVE;
				CLANG_WARN_UNREACHABLE_CODE = YES;
				CLANG_WARN__DUPLICATE_METHOD_MATCH = YES;
				COPY_PHASE_STRIP = NO;
				DEBUG_INFORMATION_FORMAT = "dwarf-with-dsym";
				ENABLE_NS_ASSERTIONS = NO;
				ENABLE_STRICT_OBJC_MSGSEND = YES;
				ENABLE_USER_SCRIPT_SANDBOXING = NO;
				GCC_C_LANGUAGE_STANDARD = gnu17;
				GCC_NO_COMMON_BLOCKS = YES;
				GCC_WARN_64_TO_32_BIT_CONVERSION = YES;
				GCC_WARN_ABOUT_RETURN_TYPE = YES_ERROR;
				GCC_WARN_UNDECLARED_SELECTOR = YES;
				GCC_WARN_UNINITIALIZED_AUTOS = YES_AGGRESSIVE;
				GCC_WARN_UNUSED_FUNCTION = YES;
				GCC_WARN_UNUSED_VARIABLE = YES;
				IPHONEOS_DEPLOYMENT_TARGET = 15.0;
				LOCALIZATION_PREFERS_STRING_CATALOGS = YES;
				MTL_ENABLE_DEBUG_INFO = NO;
				MTL_FAST_MATH = YES;
				SDKROOT = iphoneos;
				SWIFT_COMPILATION_MODE = wholemodule;
				VALIDATE_PRODUCT = YES;
			};
			name = Release;
		};
		4AAFDB7E2C494D00008C6DAF /* Debug */ = {
			isa = XCBuildConfiguration;
			baseConfigurationReference = 42A37440E49DA42B64FA649E /* Pods-dnd-11th-4-iOS.debug.xcconfig */;
			buildSettings = {
				ASSETCATALOG_COMPILER_APPICON_NAME = AppIcon;
				ASSETCATALOG_COMPILER_GLOBAL_ACCENT_COLOR_NAME = AccentColor;
				CODE_SIGN_ENTITLEMENTS = "dnd-11th-4-iOS/dnd-11th-4-iOS.entitlements";
				"CODE_SIGN_IDENTITY[sdk=iphoneos*]" = "iPhone Developer";
				CODE_SIGN_STYLE = Manual;
				CURRENT_PROJECT_VERSION = 1;
				DEVELOPMENT_TEAM = "";
				"DEVELOPMENT_TEAM[sdk=iphoneos*]" = D5WYU8R9W8;
				GENERATE_INFOPLIST_FILE = YES;
				INFOPLIST_FILE = "dnd-11th-4-iOS/Application/Info.plist";
				INFOPLIST_KEY_UIApplicationSupportsIndirectInputEvents = YES;
				INFOPLIST_KEY_UILaunchStoryboardName = LaunchScreen;
				INFOPLIST_KEY_UISupportedInterfaceOrientations_iPad = "UIInterfaceOrientationPortrait UIInterfaceOrientationPortraitUpsideDown UIInterfaceOrientationLandscapeLeft UIInterfaceOrientationLandscapeRight";
				INFOPLIST_KEY_UISupportedInterfaceOrientations_iPhone = "UIInterfaceOrientationPortrait UIInterfaceOrientationLandscapeLeft UIInterfaceOrientationLandscapeRight";
				IPHONEOS_DEPLOYMENT_TARGET = 15.0;
				LD_RUNPATH_SEARCH_PATHS = (
					"$(inherited)",
					"@executable_path/Frameworks",
				);
				MARKETING_VERSION = 1.0;
				PRODUCT_BUNDLE_IDENTIFIER = com.record.mapddang;
				PRODUCT_NAME = "$(TARGET_NAME)";
				PROVISIONING_PROFILE_SPECIFIER = "";
				"PROVISIONING_PROFILE_SPECIFIER[sdk=iphoneos*]" = "MapDDang Debug";
				SWIFT_EMIT_LOC_STRINGS = YES;
				SWIFT_VERSION = 5.0;
				TARGETED_DEVICE_FAMILY = "1,2";
			};
			name = Debug;
		};
		4AAFDB7F2C494D00008C6DAF /* Release */ = {
			isa = XCBuildConfiguration;
			baseConfigurationReference = B2752E23310EECA8EBA4E6C2 /* Pods-dnd-11th-4-iOS.release.xcconfig */;
			buildSettings = {
				ASSETCATALOG_COMPILER_APPICON_NAME = AppIcon;
				ASSETCATALOG_COMPILER_GLOBAL_ACCENT_COLOR_NAME = AccentColor;
				CODE_SIGN_ENTITLEMENTS = "dnd-11th-4-iOS/dnd-11th-4-iOS.entitlements";
				"CODE_SIGN_IDENTITY[sdk=iphoneos*]" = "iPhone Distribution";
				CODE_SIGN_STYLE = Manual;
				CURRENT_PROJECT_VERSION = 1;
				DEVELOPMENT_TEAM = "";
				"DEVELOPMENT_TEAM[sdk=iphoneos*]" = D5WYU8R9W8;
				GENERATE_INFOPLIST_FILE = YES;
				INFOPLIST_FILE = "dnd-11th-4-iOS/Application/Info.plist";
				INFOPLIST_KEY_UIApplicationSupportsIndirectInputEvents = YES;
				INFOPLIST_KEY_UILaunchStoryboardName = LaunchScreen;
				INFOPLIST_KEY_UISupportedInterfaceOrientations_iPad = "UIInterfaceOrientationPortrait UIInterfaceOrientationPortraitUpsideDown UIInterfaceOrientationLandscapeLeft UIInterfaceOrientationLandscapeRight";
				INFOPLIST_KEY_UISupportedInterfaceOrientations_iPhone = "UIInterfaceOrientationPortrait UIInterfaceOrientationLandscapeLeft UIInterfaceOrientationLandscapeRight";
				IPHONEOS_DEPLOYMENT_TARGET = 15.0;
				LD_RUNPATH_SEARCH_PATHS = (
					"$(inherited)",
					"@executable_path/Frameworks",
				);
				MARKETING_VERSION = 1.0;
				PRODUCT_BUNDLE_IDENTIFIER = com.record.mapddang;
				PRODUCT_NAME = "$(TARGET_NAME)";
				PROVISIONING_PROFILE_SPECIFIER = "";
				"PROVISIONING_PROFILE_SPECIFIER[sdk=iphoneos*]" = "MapDDang Release";
				SWIFT_EMIT_LOC_STRINGS = YES;
				SWIFT_VERSION = 5.0;
				TARGETED_DEVICE_FAMILY = "1,2";
			};
			name = Release;
		};
/* End XCBuildConfiguration section */

/* Begin XCConfigurationList section */
		4AAFDB642C494CFF008C6DAF /* Build configuration list for PBXProject "dnd-11th-4-iOS" */ = {
			isa = XCConfigurationList;
			buildConfigurations = (
				4AAFDB7B2C494D00008C6DAF /* Debug */,
				4AAFDB7C2C494D00008C6DAF /* Release */,
			);
			defaultConfigurationIsVisible = 0;
			defaultConfigurationName = Release;
		};
		4AAFDB7D2C494D00008C6DAF /* Build configuration list for PBXNativeTarget "dnd-11th-4-iOS" */ = {
			isa = XCConfigurationList;
			buildConfigurations = (
				4AAFDB7E2C494D00008C6DAF /* Debug */,
				4AAFDB7F2C494D00008C6DAF /* Release */,
			);
			defaultConfigurationIsVisible = 0;
			defaultConfigurationName = Release;
		};
/* End XCConfigurationList section */
	};
	rootObject = 4AAFDB612C494CFF008C6DAF /* Project object */;
}
