// !$*UTF8*$!
{
	archiveVersion = 1;
	classes = {
	};
	objectVersion = 56;
	objects = {

/* Begin PBXBuildFile section */
		4A16E2A42C5A4DE700F48180 /* OnboardingViewController.swift in Sources */ = {isa = PBXBuildFile; fileRef = 4A16E2A32C5A4DE700F48180 /* OnboardingViewController.swift */; };
		4A16E2A82C5A4FC400F48180 /* OnboardingMap_경기도.swift in Sources */ = {isa = PBXBuildFile; fileRef = 4A16E2A72C5A4FC400F48180 /* OnboardingMap_경기도.swift */; };
		4A16E2AA2C5A511300F48180 /* OnboardingMap_인천.swift in Sources */ = {isa = PBXBuildFile; fileRef = 4A16E2A92C5A511300F48180 /* OnboardingMap_인천.swift */; };
		4A16E2AC2C5A51B000F48180 /* OnboardingMap_충청남도.swift in Sources */ = {isa = PBXBuildFile; fileRef = 4A16E2AB2C5A51B000F48180 /* OnboardingMap_충청남도.swift */; };
		4A16E2AE2C5A528B00F48180 /* OnboardingMap_강원도.swift in Sources */ = {isa = PBXBuildFile; fileRef = 4A16E2AD2C5A528A00F48180 /* OnboardingMap_강원도.swift */; };
		4A16E2B02C5A530E00F48180 /* OnboardingMap_대전.swift in Sources */ = {isa = PBXBuildFile; fileRef = 4A16E2AF2C5A530E00F48180 /* OnboardingMap_대전.swift */; };
		4A16E2B22C5A539400F48180 /* OnboardingMap_전라북도.swift in Sources */ = {isa = PBXBuildFile; fileRef = 4A16E2B12C5A539400F48180 /* OnboardingMap_전라북도.swift */; };
		4A16E2B42C5A54B400F48180 /* OnboardingMap_경상북도.swift in Sources */ = {isa = PBXBuildFile; fileRef = 4A16E2B32C5A54B400F48180 /* OnboardingMap_경상북도.swift */; };
		4A16E2B62C5A551F00F48180 /* OnboardingMap_경상남도.swift in Sources */ = {isa = PBXBuildFile; fileRef = 4A16E2B52C5A551F00F48180 /* OnboardingMap_경상남도.swift */; };
		4A16E2B82C5A559E00F48180 /* OnboardingMap_전라남도.swift in Sources */ = {isa = PBXBuildFile; fileRef = 4A16E2B72C5A559E00F48180 /* OnboardingMap_전라남도.swift */; };
		4A16E2BA2C5A560B00F48180 /* OnboardingMap_부산.swift in Sources */ = {isa = PBXBuildFile; fileRef = 4A16E2B92C5A560B00F48180 /* OnboardingMap_부산.swift */; };
		4A16E2BC2C5A56C800F48180 /* OnboardingMap_울산.swift in Sources */ = {isa = PBXBuildFile; fileRef = 4A16E2BB2C5A56C800F48180 /* OnboardingMap_울산.swift */; };
		4A16E2BE2C5A571400F48180 /* OnboardingMap_제주도.swift in Sources */ = {isa = PBXBuildFile; fileRef = 4A16E2BD2C5A571400F48180 /* OnboardingMap_제주도.swift */; };
		4A16E2C02C5A57D900F48180 /* OnboardingMap_충청북도.swift in Sources */ = {isa = PBXBuildFile; fileRef = 4A16E2BF2C5A57D900F48180 /* OnboardingMap_충청북도.swift */; };
		4A16E2C22C5A59D100F48180 /* OnboardingMap_대구.swift in Sources */ = {isa = PBXBuildFile; fileRef = 4A16E2C12C5A59D100F48180 /* OnboardingMap_대구.swift */; };
		4A16E2C42C5A5A2800F48180 /* OnboardingMap_광주.swift in Sources */ = {isa = PBXBuildFile; fileRef = 4A16E2C32C5A5A2800F48180 /* OnboardingMap_광주.swift */; };
		4A16E2C62C5A5A7500F48180 /* OnboardingMap_서울.swift in Sources */ = {isa = PBXBuildFile; fileRef = 4A16E2C52C5A5A7500F48180 /* OnboardingMap_서울.swift */; };
		4A16E2CD2C5A6B7E00F48180 /* TabBarViewController.swift in Sources */ = {isa = PBXBuildFile; fileRef = 4A16E2CC2C5A6B7E00F48180 /* TabBarViewController.swift */; };
		4A16E2D02C5A702000F48180 /* RecordListViewController.swift in Sources */ = {isa = PBXBuildFile; fileRef = 4A16E2CF2C5A702000F48180 /* RecordListViewController.swift */; };
		4A16E2D32C5A70AC00F48180 /* MyPageViewController.swift in Sources */ = {isa = PBXBuildFile; fileRef = 4A16E2D22C5A70AC00F48180 /* MyPageViewController.swift */; };
		4A16E2D82C5B434F00F48180 /* MDLabel.swift in Sources */ = {isa = PBXBuildFile; fileRef = 4A16E2D72C5B434F00F48180 /* MDLabel.swift */; };
		4A16E2DA2C5B44FD00F48180 /* MDButton.swift in Sources */ = {isa = PBXBuildFile; fileRef = 4A16E2D92C5B44FD00F48180 /* MDButton.swift */; };
		4A16E2DC2C5B50DF00F48180 /* MDToastView.swift in Sources */ = {isa = PBXBuildFile; fileRef = 4A16E2DB2C5B50DF00F48180 /* MDToastView.swift */; };
		4A16E2DE2C5CC3BA00F48180 /* MDToast.swift in Sources */ = {isa = PBXBuildFile; fileRef = 4A16E2DD2C5CC3BA00F48180 /* MDToast.swift */; };
		4A16E2E42C5D0DFA00F48180 /* PopUpViewController.swift in Sources */ = {isa = PBXBuildFile; fileRef = 4A16E2E32C5D0DFA00F48180 /* PopUpViewController.swift */; };
		4A16E2E62C5D0F5D00F48180 /* MDPopUpView.swift in Sources */ = {isa = PBXBuildFile; fileRef = 4A16E2E52C5D0F5D00F48180 /* MDPopUpView.swift */; };
		4A16E2EB2C5FC1DB00F48180 /* RxGesture in Frameworks */ = {isa = PBXBuildFile; productRef = 4A16E2EA2C5FC1DB00F48180 /* RxGesture */; };
		4A16E2EE2C60AD8F00F48180 /* OpacityColorType.swift in Sources */ = {isa = PBXBuildFile; fileRef = 4A16E2ED2C60AD8F00F48180 /* OpacityColorType.swift */; };
		4A16E2F62C60F8DA00F48180 /* HomeMapReactor.swift in Sources */ = {isa = PBXBuildFile; fileRef = 4A16E2F52C60F8DA00F48180 /* HomeMapReactor.swift */; };
		4A5FFDA62C4FAA6A002F5A77 /* Constant.swift in Sources */ = {isa = PBXBuildFile; fileRef = 4A5FFDA52C4FAA6A002F5A77 /* Constant.swift */; };
		4A5FFDA82C4FABBF002F5A77 /* HomeMap_경기도.swift in Sources */ = {isa = PBXBuildFile; fileRef = 4A5FFDA72C4FABBF002F5A77 /* HomeMap_경기도.swift */; };
		4A5FFDAB2C4FAD05002F5A77 /* HomeMap_인천.swift in Sources */ = {isa = PBXBuildFile; fileRef = 4A5FFDAA2C4FAD05002F5A77 /* HomeMap_인천.swift */; };
		4A5FFDAE2C4FAD42002F5A77 /* DrawMapProtocol.swift in Sources */ = {isa = PBXBuildFile; fileRef = 4A5FFDAD2C4FAD42002F5A77 /* DrawMapProtocol.swift */; };
		4A5FFDB22C4FAE73002F5A77 /* HomeMap_충청남도.swift in Sources */ = {isa = PBXBuildFile; fileRef = 4A5FFDB12C4FAE73002F5A77 /* HomeMap_충청남도.swift */; };
		4A5FFDB42C4FAEB2002F5A77 /* HomeMap_강원도.swift in Sources */ = {isa = PBXBuildFile; fileRef = 4A5FFDB32C4FAEB2002F5A77 /* HomeMap_강원도.swift */; };
		4A5FFDB62C4FAF12002F5A77 /* HomeMap_대전.swift in Sources */ = {isa = PBXBuildFile; fileRef = 4A5FFDB52C4FAF12002F5A77 /* HomeMap_대전.swift */; };
		4A5FFDBA2C4FAF75002F5A77 /* HomeMap_전라북도.swift in Sources */ = {isa = PBXBuildFile; fileRef = 4A5FFDB92C4FAF75002F5A77 /* HomeMap_전라북도.swift */; };
		4A5FFDBC2C4FAFB7002F5A77 /* HomeMap_경상북도.swift in Sources */ = {isa = PBXBuildFile; fileRef = 4A5FFDBB2C4FAFB7002F5A77 /* HomeMap_경상북도.swift */; };
		4A5FFDBE2C4FAFF2002F5A77 /* HomeMap_경상남도.swift in Sources */ = {isa = PBXBuildFile; fileRef = 4A5FFDBD2C4FAFF2002F5A77 /* HomeMap_경상남도.swift */; };
		4A5FFDC02C4FB027002F5A77 /* HomeMap_전라남도.swift in Sources */ = {isa = PBXBuildFile; fileRef = 4A5FFDBF2C4FB027002F5A77 /* HomeMap_전라남도.swift */; };
		4A5FFDC22C4FB056002F5A77 /* HomeMap_부산.swift in Sources */ = {isa = PBXBuildFile; fileRef = 4A5FFDC12C4FB056002F5A77 /* HomeMap_부산.swift */; };
		4A5FFDC82C4FB0F1002F5A77 /* HomeMap_제주도.swift in Sources */ = {isa = PBXBuildFile; fileRef = 4A5FFDC72C4FB0F1002F5A77 /* HomeMap_제주도.swift */; };
		4A5FFDCA2C4FB202002F5A77 /* HomeMap_충청북도.swift in Sources */ = {isa = PBXBuildFile; fileRef = 4A5FFDC92C4FB202002F5A77 /* HomeMap_충청북도.swift */; };
		4A5FFDCC2C4FB236002F5A77 /* HomeMap_대구.swift in Sources */ = {isa = PBXBuildFile; fileRef = 4A5FFDCB2C4FB236002F5A77 /* HomeMap_대구.swift */; };
		4A5FFDCE2C4FB399002F5A77 /* HomeMap_광주.swift in Sources */ = {isa = PBXBuildFile; fileRef = 4A5FFDCD2C4FB399002F5A77 /* HomeMap_광주.swift */; };
		4A5FFDD02C4FB3C0002F5A77 /* HomeMap_서울.swift in Sources */ = {isa = PBXBuildFile; fileRef = 4A5FFDCF2C4FB3C0002F5A77 /* HomeMap_서울.swift */; };
		4A5FFDD42C4FB515002F5A77 /* UIView+.swift in Sources */ = {isa = PBXBuildFile; fileRef = 4A5FFDD32C4FB515002F5A77 /* UIView+.swift */; };
		4AA414452C63B26000AB3CE8 /* RegionType.swift in Sources */ = {isa = PBXBuildFile; fileRef = 4AA414442C63B26000AB3CE8 /* RegionType.swift */; };
		4AADE34E2C4FD7E100A2ABE3 /* SnapKit in Frameworks */ = {isa = PBXBuildFile; productRef = 4AADE34D2C4FD7E100A2ABE3 /* SnapKit */; };
		4AADE3502C4FD7E100A2ABE3 /* SnapKit-Dynamic in Frameworks */ = {isa = PBXBuildFile; productRef = 4AADE34F2C4FD7E100A2ABE3 /* SnapKit-Dynamic */; };
		4AADE3532C4FD7E500A2ABE3 /* RxFlow in Frameworks */ = {isa = PBXBuildFile; productRef = 4AADE3522C4FD7E500A2ABE3 /* RxFlow */; };
		4AADE3562C4FD7E900A2ABE3 /* ReactorKit in Frameworks */ = {isa = PBXBuildFile; productRef = 4AADE3552C4FD7E900A2ABE3 /* ReactorKit */; };
		4AADE3592C4FD7EE00A2ABE3 /* RxBlocking in Frameworks */ = {isa = PBXBuildFile; productRef = 4AADE3582C4FD7EE00A2ABE3 /* RxBlocking */; };
		4AADE35B2C4FD7EE00A2ABE3 /* RxBlocking-Dynamic in Frameworks */ = {isa = PBXBuildFile; productRef = 4AADE35A2C4FD7EE00A2ABE3 /* RxBlocking-Dynamic */; };
		4AADE35D2C4FD7EE00A2ABE3 /* RxCocoa in Frameworks */ = {isa = PBXBuildFile; productRef = 4AADE35C2C4FD7EE00A2ABE3 /* RxCocoa */; };
		4AADE35F2C4FD7EE00A2ABE3 /* RxCocoa-Dynamic in Frameworks */ = {isa = PBXBuildFile; productRef = 4AADE35E2C4FD7EE00A2ABE3 /* RxCocoa-Dynamic */; };
		4AADE3612C4FD7EE00A2ABE3 /* RxRelay in Frameworks */ = {isa = PBXBuildFile; productRef = 4AADE3602C4FD7EE00A2ABE3 /* RxRelay */; };
		4AADE3642C4FD7F300A2ABE3 /* Alamofire in Frameworks */ = {isa = PBXBuildFile; productRef = 4AADE3632C4FD7F300A2ABE3 /* Alamofire */; };
		4AADE3662C4FD7F300A2ABE3 /* AlamofireDynamic in Frameworks */ = {isa = PBXBuildFile; productRef = 4AADE3652C4FD7F300A2ABE3 /* AlamofireDynamic */; };
		4AAFDB6D2C494CFF008C6DAF /* AppDelegate.swift in Sources */ = {isa = PBXBuildFile; fileRef = 4AAFDB6C2C494CFF008C6DAF /* AppDelegate.swift */; };
		4AAFDB6F2C494CFF008C6DAF /* SceneDelegate.swift in Sources */ = {isa = PBXBuildFile; fileRef = 4AAFDB6E2C494CFF008C6DAF /* SceneDelegate.swift */; };
		4AAFDB712C494CFF008C6DAF /* HomeMapViewController.swift in Sources */ = {isa = PBXBuildFile; fileRef = 4AAFDB702C494CFF008C6DAF /* HomeMapViewController.swift */; };
		4AAFDB762C494D00008C6DAF /* Assets.xcassets in Resources */ = {isa = PBXBuildFile; fileRef = 4AAFDB752C494D00008C6DAF /* Assets.xcassets */; };
		4AAFDB792C494D00008C6DAF /* LaunchScreen.storyboard in Resources */ = {isa = PBXBuildFile; fileRef = 4AAFDB772C494D00008C6DAF /* LaunchScreen.storyboard */; };
		4AAFDBB02C4953C0008C6DAF /* Network.swift in Sources */ = {isa = PBXBuildFile; fileRef = 4AAFDBAF2C4953C0008C6DAF /* Network.swift */; };
		4AAFDBB22C4953C9008C6DAF /* Application.swift in Sources */ = {isa = PBXBuildFile; fileRef = 4AAFDBB12C4953C9008C6DAF /* Application.swift */; };
		4AAFDBB42C4953CD008C6DAF /* Color.swift in Sources */ = {isa = PBXBuildFile; fileRef = 4AAFDBB32C4953CD008C6DAF /* Color.swift */; };
		4AAFDBB62C4953D2008C6DAF /* Font.swift in Sources */ = {isa = PBXBuildFile; fileRef = 4AAFDBB52C4953D2008C6DAF /* Font.swift */; };
		4ADB30202C4FB9C500CAC638 /* HomeMap_울산.swift in Sources */ = {isa = PBXBuildFile; fileRef = 4A5FFDC32C4FB08E002F5A77 /* HomeMap_울산.swift */; };
		FB0BE4EB2C57B5EB00C34C7B /* PeoplefirstNeat&Loud.otf in Resources */ = {isa = PBXBuildFile; fileRef = FB0BE4EA2C57B5EB00C34C7B /* PeoplefirstNeat&Loud.otf */; };
		FB0BE4F02C57B5FD00C34C7B /* Pretendard-Medium.otf in Resources */ = {isa = PBXBuildFile; fileRef = FB0BE4EC2C57B5FD00C34C7B /* Pretendard-Medium.otf */; };
		FB0BE4F12C57B5FD00C34C7B /* Pretendard-Bold.otf in Resources */ = {isa = PBXBuildFile; fileRef = FB0BE4ED2C57B5FD00C34C7B /* Pretendard-Bold.otf */; };
		FB0BE4F22C57B5FD00C34C7B /* Pretendard-SemiBold.otf in Resources */ = {isa = PBXBuildFile; fileRef = FB0BE4EE2C57B5FD00C34C7B /* Pretendard-SemiBold.otf */; };
		FB0BE4F32C57B5FD00C34C7B /* Pretendard-Regular.otf in Resources */ = {isa = PBXBuildFile; fileRef = FB0BE4EF2C57B5FD00C34C7B /* Pretendard-Regular.otf */; };
		FB8004CA2C49581700AFED19 /* Kingfisher in Frameworks */ = {isa = PBXBuildFile; productRef = FB8004C92C49581700AFED19 /* Kingfisher */; };
/* End PBXBuildFile section */

/* Begin PBXFileReference section */
		4A16E2A32C5A4DE700F48180 /* OnboardingViewController.swift */ = {isa = PBXFileReference; lastKnownFileType = sourcecode.swift; path = OnboardingViewController.swift; sourceTree = "<group>"; };
		4A16E2A72C5A4FC400F48180 /* OnboardingMap_경기도.swift */ = {isa = PBXFileReference; lastKnownFileType = sourcecode.swift; path = "OnboardingMap_경기도.swift"; sourceTree = "<group>"; };
		4A16E2A92C5A511300F48180 /* OnboardingMap_인천.swift */ = {isa = PBXFileReference; lastKnownFileType = sourcecode.swift; path = "OnboardingMap_인천.swift"; sourceTree = "<group>"; };
		4A16E2AB2C5A51B000F48180 /* OnboardingMap_충청남도.swift */ = {isa = PBXFileReference; lastKnownFileType = sourcecode.swift; path = "OnboardingMap_충청남도.swift"; sourceTree = "<group>"; };
		4A16E2AD2C5A528A00F48180 /* OnboardingMap_강원도.swift */ = {isa = PBXFileReference; lastKnownFileType = sourcecode.swift; path = "OnboardingMap_강원도.swift"; sourceTree = "<group>"; };
		4A16E2AF2C5A530E00F48180 /* OnboardingMap_대전.swift */ = {isa = PBXFileReference; lastKnownFileType = sourcecode.swift; path = "OnboardingMap_대전.swift"; sourceTree = "<group>"; };
		4A16E2B12C5A539400F48180 /* OnboardingMap_전라북도.swift */ = {isa = PBXFileReference; lastKnownFileType = sourcecode.swift; path = "OnboardingMap_전라북도.swift"; sourceTree = "<group>"; };
		4A16E2B32C5A54B400F48180 /* OnboardingMap_경상북도.swift */ = {isa = PBXFileReference; lastKnownFileType = sourcecode.swift; path = "OnboardingMap_경상북도.swift"; sourceTree = "<group>"; };
		4A16E2B52C5A551F00F48180 /* OnboardingMap_경상남도.swift */ = {isa = PBXFileReference; lastKnownFileType = sourcecode.swift; path = "OnboardingMap_경상남도.swift"; sourceTree = "<group>"; };
		4A16E2B72C5A559E00F48180 /* OnboardingMap_전라남도.swift */ = {isa = PBXFileReference; lastKnownFileType = sourcecode.swift; path = "OnboardingMap_전라남도.swift"; sourceTree = "<group>"; };
		4A16E2B92C5A560B00F48180 /* OnboardingMap_부산.swift */ = {isa = PBXFileReference; lastKnownFileType = sourcecode.swift; path = "OnboardingMap_부산.swift"; sourceTree = "<group>"; };
		4A16E2BB2C5A56C800F48180 /* OnboardingMap_울산.swift */ = {isa = PBXFileReference; lastKnownFileType = sourcecode.swift; path = "OnboardingMap_울산.swift"; sourceTree = "<group>"; };
		4A16E2BD2C5A571400F48180 /* OnboardingMap_제주도.swift */ = {isa = PBXFileReference; lastKnownFileType = sourcecode.swift; path = "OnboardingMap_제주도.swift"; sourceTree = "<group>"; };
		4A16E2BF2C5A57D900F48180 /* OnboardingMap_충청북도.swift */ = {isa = PBXFileReference; lastKnownFileType = sourcecode.swift; path = "OnboardingMap_충청북도.swift"; sourceTree = "<group>"; };
		4A16E2C12C5A59D100F48180 /* OnboardingMap_대구.swift */ = {isa = PBXFileReference; lastKnownFileType = sourcecode.swift; path = "OnboardingMap_대구.swift"; sourceTree = "<group>"; };
		4A16E2C32C5A5A2800F48180 /* OnboardingMap_광주.swift */ = {isa = PBXFileReference; lastKnownFileType = sourcecode.swift; path = "OnboardingMap_광주.swift"; sourceTree = "<group>"; };
		4A16E2C52C5A5A7500F48180 /* OnboardingMap_서울.swift */ = {isa = PBXFileReference; lastKnownFileType = sourcecode.swift; path = "OnboardingMap_서울.swift"; sourceTree = "<group>"; };
		4A16E2CC2C5A6B7E00F48180 /* TabBarViewController.swift */ = {isa = PBXFileReference; lastKnownFileType = sourcecode.swift; path = TabBarViewController.swift; sourceTree = "<group>"; };
		4A16E2CF2C5A702000F48180 /* RecordListViewController.swift */ = {isa = PBXFileReference; lastKnownFileType = sourcecode.swift; path = RecordListViewController.swift; sourceTree = "<group>"; };
		4A16E2D22C5A70AC00F48180 /* MyPageViewController.swift */ = {isa = PBXFileReference; lastKnownFileType = sourcecode.swift; path = MyPageViewController.swift; sourceTree = "<group>"; };
		4A16E2D72C5B434F00F48180 /* MDLabel.swift */ = {isa = PBXFileReference; lastKnownFileType = sourcecode.swift; path = MDLabel.swift; sourceTree = "<group>"; };
		4A16E2D92C5B44FD00F48180 /* MDButton.swift */ = {isa = PBXFileReference; lastKnownFileType = sourcecode.swift; path = MDButton.swift; sourceTree = "<group>"; };
		4A16E2DB2C5B50DF00F48180 /* MDToastView.swift */ = {isa = PBXFileReference; lastKnownFileType = sourcecode.swift; path = MDToastView.swift; sourceTree = "<group>"; };
		4A16E2DD2C5CC3BA00F48180 /* MDToast.swift */ = {isa = PBXFileReference; lastKnownFileType = sourcecode.swift; path = MDToast.swift; sourceTree = "<group>"; };
		4A16E2E32C5D0DFA00F48180 /* PopUpViewController.swift */ = {isa = PBXFileReference; lastKnownFileType = sourcecode.swift; path = PopUpViewController.swift; sourceTree = "<group>"; };
		4A16E2E52C5D0F5D00F48180 /* MDPopUpView.swift */ = {isa = PBXFileReference; lastKnownFileType = sourcecode.swift; path = MDPopUpView.swift; sourceTree = "<group>"; };
		4A16E2ED2C60AD8F00F48180 /* OpacityColorType.swift */ = {isa = PBXFileReference; lastKnownFileType = sourcecode.swift; path = OpacityColorType.swift; sourceTree = "<group>"; };
		4A16E2F52C60F8DA00F48180 /* HomeMapReactor.swift */ = {isa = PBXFileReference; lastKnownFileType = sourcecode.swift; path = HomeMapReactor.swift; sourceTree = "<group>"; };
		4A5FFDA52C4FAA6A002F5A77 /* Constant.swift */ = {isa = PBXFileReference; lastKnownFileType = sourcecode.swift; path = Constant.swift; sourceTree = "<group>"; };
		4A5FFDA72C4FABBF002F5A77 /* HomeMap_경기도.swift */ = {isa = PBXFileReference; lastKnownFileType = sourcecode.swift; path = "HomeMap_경기도.swift"; sourceTree = "<group>"; };
		4A5FFDAA2C4FAD05002F5A77 /* HomeMap_인천.swift */ = {isa = PBXFileReference; lastKnownFileType = sourcecode.swift; path = "HomeMap_인천.swift"; sourceTree = "<group>"; };
		4A5FFDAD2C4FAD42002F5A77 /* DrawMapProtocol.swift */ = {isa = PBXFileReference; lastKnownFileType = sourcecode.swift; path = DrawMapProtocol.swift; sourceTree = "<group>"; };
		4A5FFDB12C4FAE73002F5A77 /* HomeMap_충청남도.swift */ = {isa = PBXFileReference; lastKnownFileType = sourcecode.swift; path = "HomeMap_충청남도.swift"; sourceTree = "<group>"; };
		4A5FFDB32C4FAEB2002F5A77 /* HomeMap_강원도.swift */ = {isa = PBXFileReference; lastKnownFileType = sourcecode.swift; path = "HomeMap_강원도.swift"; sourceTree = "<group>"; };
		4A5FFDB52C4FAF12002F5A77 /* HomeMap_대전.swift */ = {isa = PBXFileReference; lastKnownFileType = sourcecode.swift; path = "HomeMap_대전.swift"; sourceTree = "<group>"; };
		4A5FFDB92C4FAF75002F5A77 /* HomeMap_전라북도.swift */ = {isa = PBXFileReference; lastKnownFileType = sourcecode.swift; path = "HomeMap_전라북도.swift"; sourceTree = "<group>"; };
		4A5FFDBB2C4FAFB7002F5A77 /* HomeMap_경상북도.swift */ = {isa = PBXFileReference; lastKnownFileType = sourcecode.swift; path = "HomeMap_경상북도.swift"; sourceTree = "<group>"; };
		4A5FFDBD2C4FAFF2002F5A77 /* HomeMap_경상남도.swift */ = {isa = PBXFileReference; lastKnownFileType = sourcecode.swift; path = "HomeMap_경상남도.swift"; sourceTree = "<group>"; };
		4A5FFDBF2C4FB027002F5A77 /* HomeMap_전라남도.swift */ = {isa = PBXFileReference; lastKnownFileType = sourcecode.swift; path = "HomeMap_전라남도.swift"; sourceTree = "<group>"; };
		4A5FFDC12C4FB056002F5A77 /* HomeMap_부산.swift */ = {isa = PBXFileReference; lastKnownFileType = sourcecode.swift; path = "HomeMap_부산.swift"; sourceTree = "<group>"; };
		4A5FFDC32C4FB08E002F5A77 /* HomeMap_울산.swift */ = {isa = PBXFileReference; lastKnownFileType = sourcecode.swift; path = "HomeMap_울산.swift"; sourceTree = "<group>"; };
		4A5FFDC72C4FB0F1002F5A77 /* HomeMap_제주도.swift */ = {isa = PBXFileReference; lastKnownFileType = sourcecode.swift; path = "HomeMap_제주도.swift"; sourceTree = "<group>"; };
		4A5FFDC92C4FB202002F5A77 /* HomeMap_충청북도.swift */ = {isa = PBXFileReference; lastKnownFileType = sourcecode.swift; path = "HomeMap_충청북도.swift"; sourceTree = "<group>"; };
		4A5FFDCB2C4FB236002F5A77 /* HomeMap_대구.swift */ = {isa = PBXFileReference; lastKnownFileType = sourcecode.swift; path = "HomeMap_대구.swift"; sourceTree = "<group>"; };
		4A5FFDCD2C4FB399002F5A77 /* HomeMap_광주.swift */ = {isa = PBXFileReference; lastKnownFileType = sourcecode.swift; path = "HomeMap_광주.swift"; sourceTree = "<group>"; };
		4A5FFDCF2C4FB3C0002F5A77 /* HomeMap_서울.swift */ = {isa = PBXFileReference; lastKnownFileType = sourcecode.swift; path = "HomeMap_서울.swift"; sourceTree = "<group>"; };
		4A5FFDD32C4FB515002F5A77 /* UIView+.swift */ = {isa = PBXFileReference; lastKnownFileType = sourcecode.swift; path = "UIView+.swift"; sourceTree = "<group>"; };
		4AA414442C63B26000AB3CE8 /* RegionType.swift */ = {isa = PBXFileReference; lastKnownFileType = sourcecode.swift; path = RegionType.swift; sourceTree = "<group>"; };
		4AAFDB692C494CFF008C6DAF /* dnd-11th-4-iOS.app */ = {isa = PBXFileReference; explicitFileType = wrapper.application; includeInIndex = 0; path = "dnd-11th-4-iOS.app"; sourceTree = BUILT_PRODUCTS_DIR; };
		4AAFDB6C2C494CFF008C6DAF /* AppDelegate.swift */ = {isa = PBXFileReference; lastKnownFileType = sourcecode.swift; path = AppDelegate.swift; sourceTree = "<group>"; };
		4AAFDB6E2C494CFF008C6DAF /* SceneDelegate.swift */ = {isa = PBXFileReference; lastKnownFileType = sourcecode.swift; path = SceneDelegate.swift; sourceTree = "<group>"; };
		4AAFDB702C494CFF008C6DAF /* HomeMapViewController.swift */ = {isa = PBXFileReference; lastKnownFileType = sourcecode.swift; path = HomeMapViewController.swift; sourceTree = "<group>"; };
		4AAFDB752C494D00008C6DAF /* Assets.xcassets */ = {isa = PBXFileReference; lastKnownFileType = folder.assetcatalog; path = Assets.xcassets; sourceTree = "<group>"; };
		4AAFDB782C494D00008C6DAF /* Base */ = {isa = PBXFileReference; lastKnownFileType = file.storyboard; name = Base; path = Base.lproj/LaunchScreen.storyboard; sourceTree = "<group>"; };
		4AAFDB7A2C494D00008C6DAF /* Info.plist */ = {isa = PBXFileReference; lastKnownFileType = text.plist.xml; path = Info.plist; sourceTree = "<group>"; };
		4AAFDBAF2C4953C0008C6DAF /* Network.swift */ = {isa = PBXFileReference; lastKnownFileType = sourcecode.swift; path = Network.swift; sourceTree = "<group>"; };
		4AAFDBB12C4953C9008C6DAF /* Application.swift */ = {isa = PBXFileReference; lastKnownFileType = sourcecode.swift; path = Application.swift; sourceTree = "<group>"; };
		4AAFDBB32C4953CD008C6DAF /* Color.swift */ = {isa = PBXFileReference; lastKnownFileType = sourcecode.swift; path = Color.swift; sourceTree = "<group>"; };
		4AAFDBB52C4953D2008C6DAF /* Font.swift */ = {isa = PBXFileReference; lastKnownFileType = sourcecode.swift; path = Font.swift; sourceTree = "<group>"; };
		FB0BE4EA2C57B5EB00C34C7B /* PeoplefirstNeat&Loud.otf */ = {isa = PBXFileReference; lastKnownFileType = file; path = "PeoplefirstNeat&Loud.otf"; sourceTree = "<group>"; };
		FB0BE4EC2C57B5FD00C34C7B /* Pretendard-Medium.otf */ = {isa = PBXFileReference; lastKnownFileType = file; path = "Pretendard-Medium.otf"; sourceTree = "<group>"; };
		FB0BE4ED2C57B5FD00C34C7B /* Pretendard-Bold.otf */ = {isa = PBXFileReference; lastKnownFileType = file; path = "Pretendard-Bold.otf"; sourceTree = "<group>"; };
		FB0BE4EE2C57B5FD00C34C7B /* Pretendard-SemiBold.otf */ = {isa = PBXFileReference; lastKnownFileType = file; path = "Pretendard-SemiBold.otf"; sourceTree = "<group>"; };
		FB0BE4EF2C57B5FD00C34C7B /* Pretendard-Regular.otf */ = {isa = PBXFileReference; lastKnownFileType = file; path = "Pretendard-Regular.otf"; sourceTree = "<group>"; };
/* End PBXFileReference section */

/* Begin PBXFrameworksBuildPhase section */
		4AAFDB662C494CFF008C6DAF /* Frameworks */ = {
			isa = PBXFrameworksBuildPhase;
			buildActionMask = 2147483647;
			files = (
				4AADE3612C4FD7EE00A2ABE3 /* RxRelay in Frameworks */,
				4A16E2EB2C5FC1DB00F48180 /* RxGesture in Frameworks */,
				4AADE3662C4FD7F300A2ABE3 /* AlamofireDynamic in Frameworks */,
				4AADE3532C4FD7E500A2ABE3 /* RxFlow in Frameworks */,
				4AADE35B2C4FD7EE00A2ABE3 /* RxBlocking-Dynamic in Frameworks */,
				4AADE3592C4FD7EE00A2ABE3 /* RxBlocking in Frameworks */,
				FB8004CA2C49581700AFED19 /* Kingfisher in Frameworks */,
				4AADE3642C4FD7F300A2ABE3 /* Alamofire in Frameworks */,
				4AADE35F2C4FD7EE00A2ABE3 /* RxCocoa-Dynamic in Frameworks */,
				4AADE34E2C4FD7E100A2ABE3 /* SnapKit in Frameworks */,
				4AADE3562C4FD7E900A2ABE3 /* ReactorKit in Frameworks */,
				4AADE35D2C4FD7EE00A2ABE3 /* RxCocoa in Frameworks */,
				4AADE3502C4FD7E100A2ABE3 /* SnapKit-Dynamic in Frameworks */,
			);
			runOnlyForDeploymentPostprocessing = 0;
		};
/* End PBXFrameworksBuildPhase section */

/* Begin PBXGroup section */
		4A16E2A22C5A4DDD00F48180 /* Onboarding */ = {
			isa = PBXGroup;
			children = (
				4A16E2C92C5A5C2500F48180 /* ViewController */,
				4A16E2A52C5A4E2900F48180 /* OnboardingMap */,
			);
			path = Onboarding;
			sourceTree = "<group>";
		};
		4A16E2A52C5A4E2900F48180 /* OnboardingMap */ = {
			isa = PBXGroup;
			children = (
				4A16E2A72C5A4FC400F48180 /* OnboardingMap_경기도.swift */,
				4A16E2A92C5A511300F48180 /* OnboardingMap_인천.swift */,
				4A16E2AB2C5A51B000F48180 /* OnboardingMap_충청남도.swift */,
				4A16E2AD2C5A528A00F48180 /* OnboardingMap_강원도.swift */,
				4A16E2AF2C5A530E00F48180 /* OnboardingMap_대전.swift */,
				4A16E2B12C5A539400F48180 /* OnboardingMap_전라북도.swift */,
				4A16E2B32C5A54B400F48180 /* OnboardingMap_경상북도.swift */,
				4A16E2B52C5A551F00F48180 /* OnboardingMap_경상남도.swift */,
				4A16E2B72C5A559E00F48180 /* OnboardingMap_전라남도.swift */,
				4A16E2B92C5A560B00F48180 /* OnboardingMap_부산.swift */,
				4A16E2BB2C5A56C800F48180 /* OnboardingMap_울산.swift */,
				4A16E2BD2C5A571400F48180 /* OnboardingMap_제주도.swift */,
				4A16E2BF2C5A57D900F48180 /* OnboardingMap_충청북도.swift */,
				4A16E2C12C5A59D100F48180 /* OnboardingMap_대구.swift */,
				4A16E2C32C5A5A2800F48180 /* OnboardingMap_광주.swift */,
				4A16E2C52C5A5A7500F48180 /* OnboardingMap_서울.swift */,
			);
			path = OnboardingMap;
			sourceTree = "<group>";
		};
		4A16E2C72C5A5C0E00F48180 /* HomeMap */ = {
			isa = PBXGroup;
			children = (
				4A5FFDCF2C4FB3C0002F5A77 /* HomeMap_서울.swift */,
				4A5FFDA72C4FABBF002F5A77 /* HomeMap_경기도.swift */,
				4A5FFDAA2C4FAD05002F5A77 /* HomeMap_인천.swift */,
				4A5FFDB32C4FAEB2002F5A77 /* HomeMap_강원도.swift */,
				4A5FFDC92C4FB202002F5A77 /* HomeMap_충청북도.swift */,
				4A5FFDB12C4FAE73002F5A77 /* HomeMap_충청남도.swift */,
				4A5FFDB52C4FAF12002F5A77 /* HomeMap_대전.swift */,
				4A5FFDBB2C4FAFB7002F5A77 /* HomeMap_경상북도.swift */,
				4A5FFDBD2C4FAFF2002F5A77 /* HomeMap_경상남도.swift */,
				4A5FFDCB2C4FB236002F5A77 /* HomeMap_대구.swift */,
				4A5FFDC32C4FB08E002F5A77 /* HomeMap_울산.swift */,
				4A5FFDC12C4FB056002F5A77 /* HomeMap_부산.swift */,
				4A5FFDB92C4FAF75002F5A77 /* HomeMap_전라북도.swift */,
				4A5FFDBF2C4FB027002F5A77 /* HomeMap_전라남도.swift */,
				4A5FFDCD2C4FB399002F5A77 /* HomeMap_광주.swift */,
				4A5FFDC72C4FB0F1002F5A77 /* HomeMap_제주도.swift */,
			);
			path = HomeMap;
			sourceTree = "<group>";
		};
		4A16E2C82C5A5C1F00F48180 /* ViewController */ = {
			isa = PBXGroup;
			children = (
				4AAFDB702C494CFF008C6DAF /* HomeMapViewController.swift */,
				4A16E2ED2C60AD8F00F48180 /* OpacityColorType.swift */,
				4A16E2F52C60F8DA00F48180 /* HomeMapReactor.swift */,
				4AA414442C63B26000AB3CE8 /* RegionType.swift */,
			);
			path = ViewController;
			sourceTree = "<group>";
		};
		4A16E2C92C5A5C2500F48180 /* ViewController */ = {
			isa = PBXGroup;
			children = (
				4A16E2A32C5A4DE700F48180 /* OnboardingViewController.swift */,
			);
			path = ViewController;
			sourceTree = "<group>";
		};
		4A16E2CA2C5A5C4C00F48180 /* Protocol */ = {
			isa = PBXGroup;
			children = (
				4A5FFDAD2C4FAD42002F5A77 /* DrawMapProtocol.swift */,
			);
			path = Protocol;
			sourceTree = "<group>";
		};
		4A16E2CB2C5A6B7200F48180 /* TabBar */ = {
			isa = PBXGroup;
			children = (
				4A16E2CC2C5A6B7E00F48180 /* TabBarViewController.swift */,
			);
			path = TabBar;
			sourceTree = "<group>";
		};
		4A16E2CE2C5A6FED00F48180 /* RecordList */ = {
			isa = PBXGroup;
			children = (
				4A16E2CF2C5A702000F48180 /* RecordListViewController.swift */,
			);
			path = RecordList;
			sourceTree = "<group>";
		};
		4A16E2D12C5A70A500F48180 /* MyPage */ = {
			isa = PBXGroup;
			children = (
				4A16E2D22C5A70AC00F48180 /* MyPageViewController.swift */,
			);
			path = MyPage;
			sourceTree = "<group>";
		};
		4A16E2D62C5B431D00F48180 /* UIComponent */ = {
			isa = PBXGroup;
			children = (
				4A16E2D72C5B434F00F48180 /* MDLabel.swift */,
				4A16E2D92C5B44FD00F48180 /* MDButton.swift */,
				4A16E2DB2C5B50DF00F48180 /* MDToastView.swift */,
				4A16E2DD2C5CC3BA00F48180 /* MDToast.swift */,
				4A16E2E52C5D0F5D00F48180 /* MDPopUpView.swift */,
			);
			path = UIComponent;
			sourceTree = "<group>";
		};
		4A16E2E22C5D0DEC00F48180 /* PopUp */ = {
			isa = PBXGroup;
			children = (
				4A16E2E32C5D0DFA00F48180 /* PopUpViewController.swift */,
			);
			path = PopUp;
			sourceTree = "<group>";
		};
		4A5FFDA42C4FAA60002F5A77 /* Constant */ = {
			isa = PBXGroup;
			children = (
				4A5FFDA52C4FAA6A002F5A77 /* Constant.swift */,
			);
			path = Constant;
			sourceTree = "<group>";
		};
		4A5FFDD22C4FB50D002F5A77 /* Extension */ = {
			isa = PBXGroup;
			children = (
				4A5FFDD32C4FB515002F5A77 /* UIView+.swift */,
			);
			path = Extension;
			sourceTree = "<group>";
		};
		4AAFDB602C494CFF008C6DAF = {
			isa = PBXGroup;
			children = (
				4AAFDB6B2C494CFF008C6DAF /* dnd-11th-4-iOS */,
				4AAFDB6A2C494CFF008C6DAF /* Products */,
			);
			sourceTree = "<group>";
		};
		4AAFDB6A2C494CFF008C6DAF /* Products */ = {
			isa = PBXGroup;
			children = (
				4AAFDB692C494CFF008C6DAF /* dnd-11th-4-iOS.app */,
			);
			name = Products;
			sourceTree = "<group>";
		};
		4AAFDB6B2C494CFF008C6DAF /* dnd-11th-4-iOS */ = {
			isa = PBXGroup;
			children = (
				4AAFDBAB2C49538D008C6DAF /* Global */,
				4AAFDBA92C495320008C6DAF /* Network */,
				4AAFDBA82C495290008C6DAF /* Presetation */,
				4AAFDBAA2C495339008C6DAF /* Application */,
			);
			path = "dnd-11th-4-iOS";
			sourceTree = "<group>";
		};
		4AAFDBA82C495290008C6DAF /* Presetation */ = {
			isa = PBXGroup;
			children = (
				4A16E2E22C5D0DEC00F48180 /* PopUp */,
				4A16E2D12C5A70A500F48180 /* MyPage */,
				4A16E2CE2C5A6FED00F48180 /* RecordList */,
				4A16E2CB2C5A6B7200F48180 /* TabBar */,
				4A16E2A22C5A4DDD00F48180 /* Onboarding */,
				4ADB30212C4FC0E000CAC638 /* Home */,
			);
			path = Presetation;
			sourceTree = "<group>";
		};
		4AAFDBA92C495320008C6DAF /* Network */ = {
			isa = PBXGroup;
			children = (
				4AAFDBAF2C4953C0008C6DAF /* Network.swift */,
			);
			path = Network;
			sourceTree = "<group>";
		};
		4AAFDBAA2C495339008C6DAF /* Application */ = {
			isa = PBXGroup;
			children = (
				4AAFDB7A2C494D00008C6DAF /* Info.plist */,
				4AAFDB772C494D00008C6DAF /* LaunchScreen.storyboard */,
				4AAFDB6C2C494CFF008C6DAF /* AppDelegate.swift */,
				4AAFDB6E2C494CFF008C6DAF /* SceneDelegate.swift */,
				4AAFDBB12C4953C9008C6DAF /* Application.swift */,
			);
			path = Application;
			sourceTree = "<group>";
		};
		4AAFDBAB2C49538D008C6DAF /* Global */ = {
			isa = PBXGroup;
			children = (
				4A16E2CA2C5A5C4C00F48180 /* Protocol */,
				4A5FFDD22C4FB50D002F5A77 /* Extension */,
				4A5FFDA42C4FAA60002F5A77 /* Constant */,
				4A16E2D62C5B431D00F48180 /* UIComponent */,
				4AAFDBAC2C495392008C6DAF /* DesignSystem */,
			);
			path = Global;
			sourceTree = "<group>";
		};
		4AAFDBAC2C495392008C6DAF /* DesignSystem */ = {
			isa = PBXGroup;
			children = (
				4AAFDB752C494D00008C6DAF /* Assets.xcassets */,
				4AAFDBAE2C4953A8008C6DAF /* Color */,
				4AAFDBAD2C4953A3008C6DAF /* Font */,
			);
			path = DesignSystem;
			sourceTree = "<group>";
		};
		4AAFDBAD2C4953A3008C6DAF /* Font */ = {
			isa = PBXGroup;
			children = (
				FB0BE4EA2C57B5EB00C34C7B /* PeoplefirstNeat&Loud.otf */,
				FB0BE4ED2C57B5FD00C34C7B /* Pretendard-Bold.otf */,
				FB0BE4EE2C57B5FD00C34C7B /* Pretendard-SemiBold.otf */,
				FB0BE4EC2C57B5FD00C34C7B /* Pretendard-Medium.otf */,
				FB0BE4EF2C57B5FD00C34C7B /* Pretendard-Regular.otf */,
				4AAFDBB52C4953D2008C6DAF /* Font.swift */,
			);
			path = Font;
			sourceTree = "<group>";
		};
		4AAFDBAE2C4953A8008C6DAF /* Color */ = {
			isa = PBXGroup;
			children = (
				4AAFDBB32C4953CD008C6DAF /* Color.swift */,
			);
			path = Color;
			sourceTree = "<group>";
		};
		4ADB30212C4FC0E000CAC638 /* Home */ = {
			isa = PBXGroup;
			children = (
				4A16E2C82C5A5C1F00F48180 /* ViewController */,
				4A16E2C72C5A5C0E00F48180 /* HomeMap */,
			);
			path = Home;
			sourceTree = "<group>";
		};
/* End PBXGroup section */

/* Begin PBXNativeTarget section */
		4AAFDB682C494CFF008C6DAF /* dnd-11th-4-iOS */ = {
			isa = PBXNativeTarget;
			buildConfigurationList = 4AAFDB7D2C494D00008C6DAF /* Build configuration list for PBXNativeTarget "dnd-11th-4-iOS" */;
			buildPhases = (
				4AAFDB652C494CFF008C6DAF /* Sources */,
				4AAFDB662C494CFF008C6DAF /* Frameworks */,
				4AAFDB672C494CFF008C6DAF /* Resources */,
			);
			buildRules = (
			);
			dependencies = (
			);
			name = "dnd-11th-4-iOS";
			packageProductDependencies = (
				FB8004C92C49581700AFED19 /* Kingfisher */,
				4AADE34D2C4FD7E100A2ABE3 /* SnapKit */,
				4AADE34F2C4FD7E100A2ABE3 /* SnapKit-Dynamic */,
				4AADE3522C4FD7E500A2ABE3 /* RxFlow */,
				4AADE3552C4FD7E900A2ABE3 /* ReactorKit */,
				4AADE3582C4FD7EE00A2ABE3 /* RxBlocking */,
				4AADE35A2C4FD7EE00A2ABE3 /* RxBlocking-Dynamic */,
				4AADE35C2C4FD7EE00A2ABE3 /* RxCocoa */,
				4AADE35E2C4FD7EE00A2ABE3 /* RxCocoa-Dynamic */,
				4AADE3602C4FD7EE00A2ABE3 /* RxRelay */,
				4AADE3632C4FD7F300A2ABE3 /* Alamofire */,
				4AADE3652C4FD7F300A2ABE3 /* AlamofireDynamic */,
				4A16E2EA2C5FC1DB00F48180 /* RxGesture */,
			);
			productName = "dnd-11th-4-iOS";
			productReference = 4AAFDB692C494CFF008C6DAF /* dnd-11th-4-iOS.app */;
			productType = "com.apple.product-type.application";
		};
/* End PBXNativeTarget section */

/* Begin PBXProject section */
		4AAFDB612C494CFF008C6DAF /* Project object */ = {
			isa = PBXProject;
			attributes = {
				BuildIndependentTargetsInParallel = 1;
				LastSwiftUpdateCheck = 1500;
				LastUpgradeCheck = 1500;
				TargetAttributes = {
					4AAFDB682C494CFF008C6DAF = {
						CreatedOnToolsVersion = 15.0;
					};
				};
			};
			buildConfigurationList = 4AAFDB642C494CFF008C6DAF /* Build configuration list for PBXProject "dnd-11th-4-iOS" */;
			compatibilityVersion = "Xcode 14.0";
			developmentRegion = en;
			hasScannedForEncodings = 0;
			knownRegions = (
				en,
				Base,
			);
			mainGroup = 4AAFDB602C494CFF008C6DAF;
			packageReferences = (
				FB8004C82C49581700AFED19 /* XCRemoteSwiftPackageReference "Kingfisher" */,
				4AADE34C2C4FD7E100A2ABE3 /* XCRemoteSwiftPackageReference "SnapKit" */,
				4AADE3512C4FD7E500A2ABE3 /* XCRemoteSwiftPackageReference "RxFlow" */,
				4AADE3542C4FD7E900A2ABE3 /* XCRemoteSwiftPackageReference "ReactorKit" */,
				4AADE3572C4FD7EE00A2ABE3 /* XCRemoteSwiftPackageReference "RxSwift" */,
				4AADE3622C4FD7F300A2ABE3 /* XCRemoteSwiftPackageReference "Alamofire" */,
				4A16E2E92C5FC1DB00F48180 /* XCRemoteSwiftPackageReference "RxGesture" */,
			);
			productRefGroup = 4AAFDB6A2C494CFF008C6DAF /* Products */;
			projectDirPath = "";
			projectRoot = "";
			targets = (
				4AAFDB682C494CFF008C6DAF /* dnd-11th-4-iOS */,
			);
		};
/* End PBXProject section */

/* Begin PBXResourcesBuildPhase section */
		4AAFDB672C494CFF008C6DAF /* Resources */ = {
			isa = PBXResourcesBuildPhase;
			buildActionMask = 2147483647;
			files = (
				FB0BE4EB2C57B5EB00C34C7B /* PeoplefirstNeat&Loud.otf in Resources */,
				FB0BE4F12C57B5FD00C34C7B /* Pretendard-Bold.otf in Resources */,
				4AAFDB792C494D00008C6DAF /* LaunchScreen.storyboard in Resources */,
				FB0BE4F22C57B5FD00C34C7B /* Pretendard-SemiBold.otf in Resources */,
				FB0BE4F32C57B5FD00C34C7B /* Pretendard-Regular.otf in Resources */,
				4AAFDB762C494D00008C6DAF /* Assets.xcassets in Resources */,
				FB0BE4F02C57B5FD00C34C7B /* Pretendard-Medium.otf in Resources */,
			);
			runOnlyForDeploymentPostprocessing = 0;
		};
/* End PBXResourcesBuildPhase section */

/* Begin PBXSourcesBuildPhase section */
		4AAFDB652C494CFF008C6DAF /* Sources */ = {
			isa = PBXSourcesBuildPhase;
			buildActionMask = 2147483647;
			files = (
				4AAFDBB22C4953C9008C6DAF /* Application.swift in Sources */,
				4A5FFDB22C4FAE73002F5A77 /* HomeMap_충청남도.swift in Sources */,
				4A5FFDC82C4FB0F1002F5A77 /* HomeMap_제주도.swift in Sources */,
				4A16E2BC2C5A56C800F48180 /* OnboardingMap_울산.swift in Sources */,
				4AAFDB712C494CFF008C6DAF /* HomeMapViewController.swift in Sources */,
				4A5FFDCA2C4FB202002F5A77 /* HomeMap_충청북도.swift in Sources */,
				4A5FFDBE2C4FAFF2002F5A77 /* HomeMap_경상남도.swift in Sources */,
				4AAFDBB62C4953D2008C6DAF /* Font.swift in Sources */,
				4A5FFDD02C4FB3C0002F5A77 /* HomeMap_서울.swift in Sources */,
				4A16E2A82C5A4FC400F48180 /* OnboardingMap_경기도.swift in Sources */,
				4A16E2B22C5A539400F48180 /* OnboardingMap_전라북도.swift in Sources */,
				4A5FFDA62C4FAA6A002F5A77 /* Constant.swift in Sources */,
				4A16E2DE2C5CC3BA00F48180 /* MDToast.swift in Sources */,
				4A16E2B42C5A54B400F48180 /* OnboardingMap_경상북도.swift in Sources */,
				4A16E2CD2C5A6B7E00F48180 /* TabBarViewController.swift in Sources */,
				4A5FFDAB2C4FAD05002F5A77 /* HomeMap_인천.swift in Sources */,
				4A16E2AC2C5A51B000F48180 /* OnboardingMap_충청남도.swift in Sources */,
				4AA414452C63B26000AB3CE8 /* RegionType.swift in Sources */,
				4A16E2D32C5A70AC00F48180 /* MyPageViewController.swift in Sources */,
				4A5FFDBA2C4FAF75002F5A77 /* HomeMap_전라북도.swift in Sources */,
				4A16E2C02C5A57D900F48180 /* OnboardingMap_충청북도.swift in Sources */,
				4A16E2AA2C5A511300F48180 /* OnboardingMap_인천.swift in Sources */,
				4A16E2AE2C5A528B00F48180 /* OnboardingMap_강원도.swift in Sources */,
				4A16E2C62C5A5A7500F48180 /* OnboardingMap_서울.swift in Sources */,
				4A16E2A42C5A4DE700F48180 /* OnboardingViewController.swift in Sources */,
				4A5FFDCE2C4FB399002F5A77 /* HomeMap_광주.swift in Sources */,
				4ADB30202C4FB9C500CAC638 /* HomeMap_울산.swift in Sources */,
				4A16E2D82C5B434F00F48180 /* MDLabel.swift in Sources */,
				4A16E2DC2C5B50DF00F48180 /* MDToastView.swift in Sources */,
				4A16E2C42C5A5A2800F48180 /* OnboardingMap_광주.swift in Sources */,
				4A16E2DA2C5B44FD00F48180 /* MDButton.swift in Sources */,
				4A5FFDBC2C4FAFB7002F5A77 /* HomeMap_경상북도.swift in Sources */,
				4A5FFDD42C4FB515002F5A77 /* UIView+.swift in Sources */,
				4AAFDB6D2C494CFF008C6DAF /* AppDelegate.swift in Sources */,
				4AAFDBB02C4953C0008C6DAF /* Network.swift in Sources */,
				4A16E2B82C5A559E00F48180 /* OnboardingMap_전라남도.swift in Sources */,
				4A16E2F62C60F8DA00F48180 /* HomeMapReactor.swift in Sources */,
				4A5FFDC22C4FB056002F5A77 /* HomeMap_부산.swift in Sources */,
				4A16E2BA2C5A560B00F48180 /* OnboardingMap_부산.swift in Sources */,
				4AAFDB6F2C494CFF008C6DAF /* SceneDelegate.swift in Sources */,
				4A16E2B62C5A551F00F48180 /* OnboardingMap_경상남도.swift in Sources */,
				4A16E2E62C5D0F5D00F48180 /* MDPopUpView.swift in Sources */,
				4A16E2BE2C5A571400F48180 /* OnboardingMap_제주도.swift in Sources */,
				4A5FFDB42C4FAEB2002F5A77 /* HomeMap_강원도.swift in Sources */,
				4A16E2D02C5A702000F48180 /* RecordListViewController.swift in Sources */,
				4A5FFDA82C4FABBF002F5A77 /* HomeMap_경기도.swift in Sources */,
				4A5FFDB62C4FAF12002F5A77 /* HomeMap_대전.swift in Sources */,
				4A5FFDCC2C4FB236002F5A77 /* HomeMap_대구.swift in Sources */,
				4AAFDBB42C4953CD008C6DAF /* Color.swift in Sources */,
				4A16E2B02C5A530E00F48180 /* OnboardingMap_대전.swift in Sources */,
				4A16E2EE2C60AD8F00F48180 /* OpacityColorType.swift in Sources */,
				4A16E2C22C5A59D100F48180 /* OnboardingMap_대구.swift in Sources */,
				4A5FFDC02C4FB027002F5A77 /* HomeMap_전라남도.swift in Sources */,
				4A5FFDAE2C4FAD42002F5A77 /* DrawMapProtocol.swift in Sources */,
				4A16E2E42C5D0DFA00F48180 /* PopUpViewController.swift in Sources */,
			);
			runOnlyForDeploymentPostprocessing = 0;
		};
/* End PBXSourcesBuildPhase section */

/* Begin PBXVariantGroup section */
		4AAFDB772C494D00008C6DAF /* LaunchScreen.storyboard */ = {
			isa = PBXVariantGroup;
			children = (
				4AAFDB782C494D00008C6DAF /* Base */,
			);
			name = LaunchScreen.storyboard;
			sourceTree = "<group>";
		};
/* End PBXVariantGroup section */

/* Begin XCBuildConfiguration section */
		4AAFDB7B2C494D00008C6DAF /* Debug */ = {
			isa = XCBuildConfiguration;
			buildSettings = {
				ALWAYS_SEARCH_USER_PATHS = NO;
				ASSETCATALOG_COMPILER_GENERATE_SWIFT_ASSET_SYMBOL_EXTENSIONS = YES;
				CLANG_ANALYZER_NONNULL = YES;
				CLANG_ANALYZER_NUMBER_OBJECT_CONVERSION = YES_AGGRESSIVE;
				CLANG_CXX_LANGUAGE_STANDARD = "gnu++20";
				CLANG_ENABLE_MODULES = YES;
				CLANG_ENABLE_OBJC_ARC = YES;
				CLANG_ENABLE_OBJC_WEAK = YES;
				CLANG_WARN_BLOCK_CAPTURE_AUTORELEASING = YES;
				CLANG_WARN_BOOL_CONVERSION = YES;
				CLANG_WARN_COMMA = YES;
				CLANG_WARN_CONSTANT_CONVERSION = YES;
				CLANG_WARN_DEPRECATED_OBJC_IMPLEMENTATIONS = YES;
				CLANG_WARN_DIRECT_OBJC_ISA_USAGE = YES_ERROR;
				CLANG_WARN_DOCUMENTATION_COMMENTS = YES;
				CLANG_WARN_EMPTY_BODY = YES;
				CLANG_WARN_ENUM_CONVERSION = YES;
				CLANG_WARN_INFINITE_RECURSION = YES;
				CLANG_WARN_INT_CONVERSION = YES;
				CLANG_WARN_NON_LITERAL_NULL_CONVERSION = YES;
				CLANG_WARN_OBJC_IMPLICIT_RETAIN_SELF = YES;
				CLANG_WARN_OBJC_LITERAL_CONVERSION = YES;
				CLANG_WARN_OBJC_ROOT_CLASS = YES_ERROR;
				CLANG_WARN_QUOTED_INCLUDE_IN_FRAMEWORK_HEADER = YES;
				CLANG_WARN_RANGE_LOOP_ANALYSIS = YES;
				CLANG_WARN_STRICT_PROTOTYPES = YES;
				CLANG_WARN_SUSPICIOUS_MOVE = YES;
				CLANG_WARN_UNGUARDED_AVAILABILITY = YES_AGGRESSIVE;
				CLANG_WARN_UNREACHABLE_CODE = YES;
				CLANG_WARN__DUPLICATE_METHOD_MATCH = YES;
				COPY_PHASE_STRIP = NO;
				DEBUG_INFORMATION_FORMAT = dwarf;
				ENABLE_STRICT_OBJC_MSGSEND = YES;
				ENABLE_TESTABILITY = YES;
				ENABLE_USER_SCRIPT_SANDBOXING = YES;
				GCC_C_LANGUAGE_STANDARD = gnu17;
				GCC_DYNAMIC_NO_PIC = NO;
				GCC_NO_COMMON_BLOCKS = YES;
				GCC_OPTIMIZATION_LEVEL = 0;
				GCC_PREPROCESSOR_DEFINITIONS = (
					"DEBUG=1",
					"$(inherited)",
				);
				GCC_WARN_64_TO_32_BIT_CONVERSION = YES;
				GCC_WARN_ABOUT_RETURN_TYPE = YES_ERROR;
				GCC_WARN_UNDECLARED_SELECTOR = YES;
				GCC_WARN_UNINITIALIZED_AUTOS = YES_AGGRESSIVE;
				GCC_WARN_UNUSED_FUNCTION = YES;
				GCC_WARN_UNUSED_VARIABLE = YES;
				IPHONEOS_DEPLOYMENT_TARGET = 13.0;
				LOCALIZATION_PREFERS_STRING_CATALOGS = YES;
				MTL_ENABLE_DEBUG_INFO = INCLUDE_SOURCE;
				MTL_FAST_MATH = YES;
				ONLY_ACTIVE_ARCH = YES;
				SDKROOT = iphoneos;
				SWIFT_ACTIVE_COMPILATION_CONDITIONS = "DEBUG $(inherited)";
				SWIFT_OPTIMIZATION_LEVEL = "-Onone";
			};
			name = Debug;
		};
		4AAFDB7C2C494D00008C6DAF /* Release */ = {
			isa = XCBuildConfiguration;
			buildSettings = {
				ALWAYS_SEARCH_USER_PATHS = NO;
				ASSETCATALOG_COMPILER_GENERATE_SWIFT_ASSET_SYMBOL_EXTENSIONS = YES;
				CLANG_ANALYZER_NONNULL = YES;
				CLANG_ANALYZER_NUMBER_OBJECT_CONVERSION = YES_AGGRESSIVE;
				CLANG_CXX_LANGUAGE_STANDARD = "gnu++20";
				CLANG_ENABLE_MODULES = YES;
				CLANG_ENABLE_OBJC_ARC = YES;
				CLANG_ENABLE_OBJC_WEAK = YES;
				CLANG_WARN_BLOCK_CAPTURE_AUTORELEASING = YES;
				CLANG_WARN_BOOL_CONVERSION = YES;
				CLANG_WARN_COMMA = YES;
				CLANG_WARN_CONSTANT_CONVERSION = YES;
				CLANG_WARN_DEPRECATED_OBJC_IMPLEMENTATIONS = YES;
				CLANG_WARN_DIRECT_OBJC_ISA_USAGE = YES_ERROR;
				CLANG_WARN_DOCUMENTATION_COMMENTS = YES;
				CLANG_WARN_EMPTY_BODY = YES;
				CLANG_WARN_ENUM_CONVERSION = YES;
				CLANG_WARN_INFINITE_RECURSION = YES;
				CLANG_WARN_INT_CONVERSION = YES;
				CLANG_WARN_NON_LITERAL_NULL_CONVERSION = YES;
				CLANG_WARN_OBJC_IMPLICIT_RETAIN_SELF = YES;
				CLANG_WARN_OBJC_LITERAL_CONVERSION = YES;
				CLANG_WARN_OBJC_ROOT_CLASS = YES_ERROR;
				CLANG_WARN_QUOTED_INCLUDE_IN_FRAMEWORK_HEADER = YES;
				CLANG_WARN_RANGE_LOOP_ANALYSIS = YES;
				CLANG_WARN_STRICT_PROTOTYPES = YES;
				CLANG_WARN_SUSPICIOUS_MOVE = YES;
				CLANG_WARN_UNGUARDED_AVAILABILITY = YES_AGGRESSIVE;
				CLANG_WARN_UNREACHABLE_CODE = YES;
				CLANG_WARN__DUPLICATE_METHOD_MATCH = YES;
				COPY_PHASE_STRIP = NO;
				DEBUG_INFORMATION_FORMAT = "dwarf-with-dsym";
				ENABLE_NS_ASSERTIONS = NO;
				ENABLE_STRICT_OBJC_MSGSEND = YES;
				ENABLE_USER_SCRIPT_SANDBOXING = YES;
				GCC_C_LANGUAGE_STANDARD = gnu17;
				GCC_NO_COMMON_BLOCKS = YES;
				GCC_WARN_64_TO_32_BIT_CONVERSION = YES;
				GCC_WARN_ABOUT_RETURN_TYPE = YES_ERROR;
				GCC_WARN_UNDECLARED_SELECTOR = YES;
				GCC_WARN_UNINITIALIZED_AUTOS = YES_AGGRESSIVE;
				GCC_WARN_UNUSED_FUNCTION = YES;
				GCC_WARN_UNUSED_VARIABLE = YES;
				IPHONEOS_DEPLOYMENT_TARGET = 13.0;
				LOCALIZATION_PREFERS_STRING_CATALOGS = YES;
				MTL_ENABLE_DEBUG_INFO = NO;
				MTL_FAST_MATH = YES;
				SDKROOT = iphoneos;
				SWIFT_COMPILATION_MODE = wholemodule;
				VALIDATE_PRODUCT = YES;
			};
			name = Release;
		};
		4AAFDB7E2C494D00008C6DAF /* Debug */ = {
			isa = XCBuildConfiguration;
			buildSettings = {
				ASSETCATALOG_COMPILER_APPICON_NAME = AppIcon;
				ASSETCATALOG_COMPILER_GLOBAL_ACCENT_COLOR_NAME = AccentColor;
				CODE_SIGN_STYLE = Automatic;
				CURRENT_PROJECT_VERSION = 1;
				DEVELOPMENT_TEAM = J5UBGNBDYX;
				GENERATE_INFOPLIST_FILE = YES;
				INFOPLIST_FILE = "dnd-11th-4-iOS/Application/Info.plist";
				INFOPLIST_KEY_UIApplicationSupportsIndirectInputEvents = YES;
				INFOPLIST_KEY_UILaunchStoryboardName = LaunchScreen;
				INFOPLIST_KEY_UISupportedInterfaceOrientations_iPad = "UIInterfaceOrientationPortrait UIInterfaceOrientationPortraitUpsideDown UIInterfaceOrientationLandscapeLeft UIInterfaceOrientationLandscapeRight";
				INFOPLIST_KEY_UISupportedInterfaceOrientations_iPhone = "UIInterfaceOrientationPortrait UIInterfaceOrientationLandscapeLeft UIInterfaceOrientationLandscapeRight";
				LD_RUNPATH_SEARCH_PATHS = (
					"$(inherited)",
					"@executable_path/Frameworks",
				);
				MARKETING_VERSION = 1.0;
				PRODUCT_BUNDLE_IDENTIFIER = "team-dnd.dnd-11th-4-iOS";
				PRODUCT_NAME = "$(TARGET_NAME)";
				SWIFT_EMIT_LOC_STRINGS = YES;
				SWIFT_VERSION = 5.0;
				TARGETED_DEVICE_FAMILY = "1,2";
			};
			name = Debug;
		};
		4AAFDB7F2C494D00008C6DAF /* Release */ = {
			isa = XCBuildConfiguration;
			buildSettings = {
				ASSETCATALOG_COMPILER_APPICON_NAME = AppIcon;
				ASSETCATALOG_COMPILER_GLOBAL_ACCENT_COLOR_NAME = AccentColor;
				CODE_SIGN_STYLE = Automatic;
				CURRENT_PROJECT_VERSION = 1;
				DEVELOPMENT_TEAM = J5UBGNBDYX;
				GENERATE_INFOPLIST_FILE = YES;
				INFOPLIST_FILE = "dnd-11th-4-iOS/Application/Info.plist";
				INFOPLIST_KEY_UIApplicationSupportsIndirectInputEvents = YES;
				INFOPLIST_KEY_UILaunchStoryboardName = LaunchScreen;
				INFOPLIST_KEY_UISupportedInterfaceOrientations_iPad = "UIInterfaceOrientationPortrait UIInterfaceOrientationPortraitUpsideDown UIInterfaceOrientationLandscapeLeft UIInterfaceOrientationLandscapeRight";
				INFOPLIST_KEY_UISupportedInterfaceOrientations_iPhone = "UIInterfaceOrientationPortrait UIInterfaceOrientationLandscapeLeft UIInterfaceOrientationLandscapeRight";
				LD_RUNPATH_SEARCH_PATHS = (
					"$(inherited)",
					"@executable_path/Frameworks",
				);
				MARKETING_VERSION = 1.0;
				PRODUCT_BUNDLE_IDENTIFIER = "team-dnd.dnd-11th-4-iOS";
				PRODUCT_NAME = "$(TARGET_NAME)";
				SWIFT_EMIT_LOC_STRINGS = YES;
				SWIFT_VERSION = 5.0;
				TARGETED_DEVICE_FAMILY = "1,2";
			};
			name = Release;
		};
/* End XCBuildConfiguration section */

/* Begin XCConfigurationList section */
		4AAFDB642C494CFF008C6DAF /* Build configuration list for PBXProject "dnd-11th-4-iOS" */ = {
			isa = XCConfigurationList;
			buildConfigurations = (
				4AAFDB7B2C494D00008C6DAF /* Debug */,
				4AAFDB7C2C494D00008C6DAF /* Release */,
			);
			defaultConfigurationIsVisible = 0;
			defaultConfigurationName = Release;
		};
		4AAFDB7D2C494D00008C6DAF /* Build configuration list for PBXNativeTarget "dnd-11th-4-iOS" */ = {
			isa = XCConfigurationList;
			buildConfigurations = (
				4AAFDB7E2C494D00008C6DAF /* Debug */,
				4AAFDB7F2C494D00008C6DAF /* Release */,
			);
			defaultConfigurationIsVisible = 0;
			defaultConfigurationName = Release;
		};
/* End XCConfigurationList section */

/* Begin XCRemoteSwiftPackageReference section */
		4A16E2E92C5FC1DB00F48180 /* XCRemoteSwiftPackageReference "RxGesture" */ = {
			isa = XCRemoteSwiftPackageReference;
			repositoryURL = "https://github.com/RxSwiftCommunity/RxGesture.git";
			requirement = {
				kind = upToNextMajorVersion;
				minimumVersion = 4.0.4;
			};
		};
		4AADE34C2C4FD7E100A2ABE3 /* XCRemoteSwiftPackageReference "SnapKit" */ = {
			isa = XCRemoteSwiftPackageReference;
			repositoryURL = "https://github.com/SnapKit/SnapKit.git";
			requirement = {
				kind = upToNextMajorVersion;
				minimumVersion = 5.7.1;
			};
		};
		4AADE3512C4FD7E500A2ABE3 /* XCRemoteSwiftPackageReference "RxFlow" */ = {
			isa = XCRemoteSwiftPackageReference;
			repositoryURL = "https://github.com/RxSwiftCommunity/RxFlow.git";
			requirement = {
				kind = upToNextMajorVersion;
				minimumVersion = 2.13.0;
			};
		};
		4AADE3542C4FD7E900A2ABE3 /* XCRemoteSwiftPackageReference "ReactorKit" */ = {
			isa = XCRemoteSwiftPackageReference;
			repositoryURL = "https://github.com/ReactorKit/ReactorKit.git";
			requirement = {
				kind = upToNextMajorVersion;
				minimumVersion = 3.2.0;
			};
		};
		4AADE3572C4FD7EE00A2ABE3 /* XCRemoteSwiftPackageReference "RxSwift" */ = {
			isa = XCRemoteSwiftPackageReference;
			repositoryURL = "https://github.com/ReactiveX/RxSwift.git";
			requirement = {
				kind = upToNextMajorVersion;
				minimumVersion = 6.7.1;
			};
		};
		4AADE3622C4FD7F300A2ABE3 /* XCRemoteSwiftPackageReference "Alamofire" */ = {
			isa = XCRemoteSwiftPackageReference;
			repositoryURL = "https://github.com/Alamofire/Alamofire.git";
			requirement = {
				kind = upToNextMajorVersion;
				minimumVersion = 5.9.1;
			};
		};
		FB8004C82C49581700AFED19 /* XCRemoteSwiftPackageReference "Kingfisher" */ = {
			isa = XCRemoteSwiftPackageReference;
			repositoryURL = "https://github.com/onevcat/Kingfisher";
			requirement = {
				kind = upToNextMajorVersion;
				minimumVersion = 7.12.0;
			};
		};
/* End XCRemoteSwiftPackageReference section */

/* Begin XCSwiftPackageProductDependency section */
		4A16E2EA2C5FC1DB00F48180 /* RxGesture */ = {
			isa = XCSwiftPackageProductDependency;
			package = 4A16E2E92C5FC1DB00F48180 /* XCRemoteSwiftPackageReference "RxGesture" */;
			productName = RxGesture;
		};
		4AADE34D2C4FD7E100A2ABE3 /* SnapKit */ = {
			isa = XCSwiftPackageProductDependency;
			package = 4AADE34C2C4FD7E100A2ABE3 /* XCRemoteSwiftPackageReference "SnapKit" */;
			productName = SnapKit;
		};
		4AADE34F2C4FD7E100A2ABE3 /* SnapKit-Dynamic */ = {
			isa = XCSwiftPackageProductDependency;
			package = 4AADE34C2C4FD7E100A2ABE3 /* XCRemoteSwiftPackageReference "SnapKit" */;
			productName = "SnapKit-Dynamic";
		};
		4AADE3522C4FD7E500A2ABE3 /* RxFlow */ = {
			isa = XCSwiftPackageProductDependency;
			package = 4AADE3512C4FD7E500A2ABE3 /* XCRemoteSwiftPackageReference "RxFlow" */;
			productName = RxFlow;
		};
		4AADE3552C4FD7E900A2ABE3 /* ReactorKit */ = {
			isa = XCSwiftPackageProductDependency;
			package = 4AADE3542C4FD7E900A2ABE3 /* XCRemoteSwiftPackageReference "ReactorKit" */;
			productName = ReactorKit;
		};
		4AADE3582C4FD7EE00A2ABE3 /* RxBlocking */ = {
			isa = XCSwiftPackageProductDependency;
			package = 4AADE3572C4FD7EE00A2ABE3 /* XCRemoteSwiftPackageReference "RxSwift" */;
			productName = RxBlocking;
		};
		4AADE35A2C4FD7EE00A2ABE3 /* RxBlocking-Dynamic */ = {
			isa = XCSwiftPackageProductDependency;
			package = 4AADE3572C4FD7EE00A2ABE3 /* XCRemoteSwiftPackageReference "RxSwift" */;
			productName = "RxBlocking-Dynamic";
		};
		4AADE35C2C4FD7EE00A2ABE3 /* RxCocoa */ = {
			isa = XCSwiftPackageProductDependency;
			package = 4AADE3572C4FD7EE00A2ABE3 /* XCRemoteSwiftPackageReference "RxSwift" */;
			productName = RxCocoa;
		};
		4AADE35E2C4FD7EE00A2ABE3 /* RxCocoa-Dynamic */ = {
			isa = XCSwiftPackageProductDependency;
			package = 4AADE3572C4FD7EE00A2ABE3 /* XCRemoteSwiftPackageReference "RxSwift" */;
			productName = "RxCocoa-Dynamic";
		};
		4AADE3602C4FD7EE00A2ABE3 /* RxRelay */ = {
			isa = XCSwiftPackageProductDependency;
			package = 4AADE3572C4FD7EE00A2ABE3 /* XCRemoteSwiftPackageReference "RxSwift" */;
			productName = RxRelay;
		};
		4AADE3632C4FD7F300A2ABE3 /* Alamofire */ = {
			isa = XCSwiftPackageProductDependency;
			package = 4AADE3622C4FD7F300A2ABE3 /* XCRemoteSwiftPackageReference "Alamofire" */;
			productName = Alamofire;
		};
		4AADE3652C4FD7F300A2ABE3 /* AlamofireDynamic */ = {
			isa = XCSwiftPackageProductDependency;
			package = 4AADE3622C4FD7F300A2ABE3 /* XCRemoteSwiftPackageReference "Alamofire" */;
			productName = AlamofireDynamic;
		};
		FB8004C92C49581700AFED19 /* Kingfisher */ = {
			isa = XCSwiftPackageProductDependency;
			package = FB8004C82C49581700AFED19 /* XCRemoteSwiftPackageReference "Kingfisher" */;
			productName = Kingfisher;
		};
/* End XCSwiftPackageProductDependency section */
	};
	rootObject = 4AAFDB612C494CFF008C6DAF /* Project object */;
}
