// !$*UTF8*$!
{
	archiveVersion = 1;
	classes = {
	};
	objectVersion = 56;
	objects = {

/* Begin PBXBuildFile section */
		4AAFDB6D2C494CFF008C6DAF /* AppDelegate.swift in Sources */ = {isa = PBXBuildFile; fileRef = 4AAFDB6C2C494CFF008C6DAF /* AppDelegate.swift */; };
		4AAFDB6F2C494CFF008C6DAF /* SceneDelegate.swift in Sources */ = {isa = PBXBuildFile; fileRef = 4AAFDB6E2C494CFF008C6DAF /* SceneDelegate.swift */; };
		4AAFDB712C494CFF008C6DAF /* ViewController.swift in Sources */ = {isa = PBXBuildFile; fileRef = 4AAFDB702C494CFF008C6DAF /* ViewController.swift */; };
		4AAFDB762C494D00008C6DAF /* Assets.xcassets in Resources */ = {isa = PBXBuildFile; fileRef = 4AAFDB752C494D00008C6DAF /* Assets.xcassets */; };
		4AAFDB792C494D00008C6DAF /* LaunchScreen.storyboard in Resources */ = {isa = PBXBuildFile; fileRef = 4AAFDB772C494D00008C6DAF /* LaunchScreen.storyboard */; };
		4AAFDB822C495089008C6DAF /* Alamofire in Frameworks */ = {isa = PBXBuildFile; productRef = 4AAFDB812C495089008C6DAF /* Alamofire */; };
		4AAFDB842C495089008C6DAF /* AlamofireDynamic in Frameworks */ = {isa = PBXBuildFile; productRef = 4AAFDB832C495089008C6DAF /* AlamofireDynamic */; };
		4AAFDB872C4950A2008C6DAF /* RxBlocking in Frameworks */ = {isa = PBXBuildFile; productRef = 4AAFDB862C4950A2008C6DAF /* RxBlocking */; };
		4AAFDB892C4950A2008C6DAF /* RxBlocking-Dynamic in Frameworks */ = {isa = PBXBuildFile; productRef = 4AAFDB882C4950A2008C6DAF /* RxBlocking-Dynamic */; };
		4AAFDB8B2C4950A2008C6DAF /* RxCocoa in Frameworks */ = {isa = PBXBuildFile; productRef = 4AAFDB8A2C4950A2008C6DAF /* RxCocoa */; };
		4AAFDB8D2C4950A2008C6DAF /* RxCocoa-Dynamic in Frameworks */ = {isa = PBXBuildFile; productRef = 4AAFDB8C2C4950A2008C6DAF /* RxCocoa-Dynamic */; };
		4AAFDB8F2C4950A2008C6DAF /* RxRelay in Frameworks */ = {isa = PBXBuildFile; productRef = 4AAFDB8E2C4950A2008C6DAF /* RxRelay */; };
		4AAFDB912C4950A2008C6DAF /* RxRelay-Dynamic in Frameworks */ = {isa = PBXBuildFile; productRef = 4AAFDB902C4950A2008C6DAF /* RxRelay-Dynamic */; };
		4AAFDB932C4950A2008C6DAF /* RxSwift in Frameworks */ = {isa = PBXBuildFile; productRef = 4AAFDB922C4950A2008C6DAF /* RxSwift */; };
		4AAFDB952C4950A2008C6DAF /* RxSwift-Dynamic in Frameworks */ = {isa = PBXBuildFile; productRef = 4AAFDB942C4950A2008C6DAF /* RxSwift-Dynamic */; };
		4AAFDB972C4950A2008C6DAF /* RxTest in Frameworks */ = {isa = PBXBuildFile; productRef = 4AAFDB962C4950A2008C6DAF /* RxTest */; };
		4AAFDB992C4950A2008C6DAF /* RxTest-Dynamic in Frameworks */ = {isa = PBXBuildFile; productRef = 4AAFDB982C4950A2008C6DAF /* RxTest-Dynamic */; };
		4AAFDB9C2C4950EC008C6DAF /* Kingfisher in Frameworks */ = {isa = PBXBuildFile; productRef = 4AAFDB9B2C4950EC008C6DAF /* Kingfisher */; };
		4AAFDB9F2C495136008C6DAF /* ReactorKit in Frameworks */ = {isa = PBXBuildFile; productRef = 4AAFDB9E2C495136008C6DAF /* ReactorKit */; };
		4AAFDBA22C495144008C6DAF /* RxFlow in Frameworks */ = {isa = PBXBuildFile; productRef = 4AAFDBA12C495144008C6DAF /* RxFlow */; };
		4AAFDBA52C495220008C6DAF /* SnapKit in Frameworks */ = {isa = PBXBuildFile; productRef = 4AAFDBA42C495220008C6DAF /* SnapKit */; };
		4AAFDBA72C495220008C6DAF /* SnapKit-Dynamic in Frameworks */ = {isa = PBXBuildFile; productRef = 4AAFDBA62C495220008C6DAF /* SnapKit-Dynamic */; };
/* End PBXBuildFile section */

/* Begin PBXFileReference section */
		4AAFDB692C494CFF008C6DAF /* dnd-11th-4-iOS.app */ = {isa = PBXFileReference; explicitFileType = wrapper.application; includeInIndex = 0; path = "dnd-11th-4-iOS.app"; sourceTree = BUILT_PRODUCTS_DIR; };
		4AAFDB6C2C494CFF008C6DAF /* AppDelegate.swift */ = {isa = PBXFileReference; lastKnownFileType = sourcecode.swift; path = AppDelegate.swift; sourceTree = "<group>"; };
		4AAFDB6E2C494CFF008C6DAF /* SceneDelegate.swift */ = {isa = PBXFileReference; lastKnownFileType = sourcecode.swift; path = SceneDelegate.swift; sourceTree = "<group>"; };
		4AAFDB702C494CFF008C6DAF /* ViewController.swift */ = {isa = PBXFileReference; lastKnownFileType = sourcecode.swift; path = ViewController.swift; sourceTree = "<group>"; };
		4AAFDB752C494D00008C6DAF /* Assets.xcassets */ = {isa = PBXFileReference; lastKnownFileType = folder.assetcatalog; path = Assets.xcassets; sourceTree = "<group>"; };
		4AAFDB782C494D00008C6DAF /* Base */ = {isa = PBXFileReference; lastKnownFileType = file.storyboard; name = Base; path = Base.lproj/LaunchScreen.storyboard; sourceTree = "<group>"; };
		4AAFDB7A2C494D00008C6DAF /* Info.plist */ = {isa = PBXFileReference; lastKnownFileType = text.plist.xml; path = Info.plist; sourceTree = "<group>"; };
/* End PBXFileReference section */

/* Begin PBXFrameworksBuildPhase section */
		4AAFDB662C494CFF008C6DAF /* Frameworks */ = {
			isa = PBXFrameworksBuildPhase;
			buildActionMask = 2147483647;
			files = (
				4AAFDBA22C495144008C6DAF /* RxFlow in Frameworks */,
				4AAFDBA52C495220008C6DAF /* SnapKit in Frameworks */,
				4AAFDB932C4950A2008C6DAF /* RxSwift in Frameworks */,
				4AAFDB912C4950A2008C6DAF /* RxRelay-Dynamic in Frameworks */,
				4AAFDB9F2C495136008C6DAF /* ReactorKit in Frameworks */,
				4AAFDB822C495089008C6DAF /* Alamofire in Frameworks */,
				4AAFDB872C4950A2008C6DAF /* RxBlocking in Frameworks */,
				4AAFDB8F2C4950A2008C6DAF /* RxRelay in Frameworks */,
				4AAFDB8B2C4950A2008C6DAF /* RxCocoa in Frameworks */,
				4AAFDB992C4950A2008C6DAF /* RxTest-Dynamic in Frameworks */,
				4AAFDB972C4950A2008C6DAF /* RxTest in Frameworks */,
				4AAFDB9C2C4950EC008C6DAF /* Kingfisher in Frameworks */,
				4AAFDB952C4950A2008C6DAF /* RxSwift-Dynamic in Frameworks */,
				4AAFDB842C495089008C6DAF /* AlamofireDynamic in Frameworks */,
				4AAFDB8D2C4950A2008C6DAF /* RxCocoa-Dynamic in Frameworks */,
				4AAFDBA72C495220008C6DAF /* SnapKit-Dynamic in Frameworks */,
				4AAFDB892C4950A2008C6DAF /* RxBlocking-Dynamic in Frameworks */,
			);
			runOnlyForDeploymentPostprocessing = 0;
		};
/* End PBXFrameworksBuildPhase section */

/* Begin PBXGroup section */
		4AAFDB602C494CFF008C6DAF = {
			isa = PBXGroup;
			children = (
				4AAFDB6B2C494CFF008C6DAF /* dnd-11th-4-iOS */,
				4AAFDB6A2C494CFF008C6DAF /* Products */,
			);
			sourceTree = "<group>";
		};
		4AAFDB6A2C494CFF008C6DAF /* Products */ = {
			isa = PBXGroup;
			children = (
				4AAFDB692C494CFF008C6DAF /* dnd-11th-4-iOS.app */,
			);
			name = Products;
			sourceTree = "<group>";
		};
		4AAFDB6B2C494CFF008C6DAF /* dnd-11th-4-iOS */ = {
			isa = PBXGroup;
			children = (
				4AAFDB6C2C494CFF008C6DAF /* AppDelegate.swift */,
				4AAFDB6E2C494CFF008C6DAF /* SceneDelegate.swift */,
				4AAFDB702C494CFF008C6DAF /* ViewController.swift */,
				4AAFDB752C494D00008C6DAF /* Assets.xcassets */,
				4AAFDB772C494D00008C6DAF /* LaunchScreen.storyboard */,
				4AAFDB7A2C494D00008C6DAF /* Info.plist */,
			);
			path = "dnd-11th-4-iOS";
			sourceTree = "<group>";
		};
/* End PBXGroup section */

/* Begin PBXNativeTarget section */
		4AAFDB682C494CFF008C6DAF /* dnd-11th-4-iOS */ = {
			isa = PBXNativeTarget;
			buildConfigurationList = 4AAFDB7D2C494D00008C6DAF /* Build configuration list for PBXNativeTarget "dnd-11th-4-iOS" */;
			buildPhases = (
				4AAFDB652C494CFF008C6DAF /* Sources */,
				4AAFDB662C494CFF008C6DAF /* Frameworks */,
				4AAFDB672C494CFF008C6DAF /* Resources */,
			);
			buildRules = (
			);
			dependencies = (
			);
			name = "dnd-11th-4-iOS";
			packageProductDependencies = (
				4AAFDB812C495089008C6DAF /* Alamofire */,
				4AAFDB832C495089008C6DAF /* AlamofireDynamic */,
				4AAFDB862C4950A2008C6DAF /* RxBlocking */,
				4AAFDB882C4950A2008C6DAF /* RxBlocking-Dynamic */,
				4AAFDB8A2C4950A2008C6DAF /* RxCocoa */,
				4AAFDB8C2C4950A2008C6DAF /* RxCocoa-Dynamic */,
				4AAFDB8E2C4950A2008C6DAF /* RxRelay */,
				4AAFDB902C4950A2008C6DAF /* RxRelay-Dynamic */,
				4AAFDB922C4950A2008C6DAF /* RxSwift */,
				4AAFDB942C4950A2008C6DAF /* RxSwift-Dynamic */,
				4AAFDB962C4950A2008C6DAF /* RxTest */,
				4AAFDB982C4950A2008C6DAF /* RxTest-Dynamic */,
				4AAFDB9B2C4950EC008C6DAF /* Kingfisher */,
				4AAFDB9E2C495136008C6DAF /* ReactorKit */,
				4AAFDBA12C495144008C6DAF /* RxFlow */,
				4AAFDBA42C495220008C6DAF /* SnapKit */,
				4AAFDBA62C495220008C6DAF /* SnapKit-Dynamic */,
			);
			productName = "dnd-11th-4-iOS";
			productReference = 4AAFDB692C494CFF008C6DAF /* dnd-11th-4-iOS.app */;
			productType = "com.apple.product-type.application";
		};
/* End PBXNativeTarget section */

/* Begin PBXProject section */
		4AAFDB612C494CFF008C6DAF /* Project object */ = {
			isa = PBXProject;
			attributes = {
				BuildIndependentTargetsInParallel = 1;
				LastSwiftUpdateCheck = 1500;
				LastUpgradeCheck = 1500;
				TargetAttributes = {
					4AAFDB682C494CFF008C6DAF = {
						CreatedOnToolsVersion = 15.0;
					};
				};
			};
			buildConfigurationList = 4AAFDB642C494CFF008C6DAF /* Build configuration list for PBXProject "dnd-11th-4-iOS" */;
			compatibilityVersion = "Xcode 14.0";
			developmentRegion = en;
			hasScannedForEncodings = 0;
			knownRegions = (
				en,
				Base,
			);
			mainGroup = 4AAFDB602C494CFF008C6DAF;
			packageReferences = (
				4AAFDB802C495089008C6DAF /* XCRemoteSwiftPackageReference "Alamofire" */,
				4AAFDB852C4950A2008C6DAF /* XCRemoteSwiftPackageReference "RxSwift" */,
				4AAFDB9A2C4950EC008C6DAF /* XCRemoteSwiftPackageReference "Kingfisher" */,
				4AAFDB9D2C495136008C6DAF /* XCRemoteSwiftPackageReference "ReactorKit" */,
				4AAFDBA02C495144008C6DAF /* XCRemoteSwiftPackageReference "RxFlow" */,
				4AAFDBA32C495220008C6DAF /* XCRemoteSwiftPackageReference "SnapKit" */,
			);
			productRefGroup = 4AAFDB6A2C494CFF008C6DAF /* Products */;
			projectDirPath = "";
			projectRoot = "";
			targets = (
				4AAFDB682C494CFF008C6DAF /* dnd-11th-4-iOS */,
			);
		};
/* End PBXProject section */

/* Begin PBXResourcesBuildPhase section */
		4AAFDB672C494CFF008C6DAF /* Resources */ = {
			isa = PBXResourcesBuildPhase;
			buildActionMask = 2147483647;
			files = (
				4AAFDB792C494D00008C6DAF /* LaunchScreen.storyboard in Resources */,
				4AAFDB762C494D00008C6DAF /* Assets.xcassets in Resources */,
			);
			runOnlyForDeploymentPostprocessing = 0;
		};
/* End PBXResourcesBuildPhase section */

/* Begin PBXSourcesBuildPhase section */
		4AAFDB652C494CFF008C6DAF /* Sources */ = {
			isa = PBXSourcesBuildPhase;
			buildActionMask = 2147483647;
			files = (
				4AAFDB712C494CFF008C6DAF /* ViewController.swift in Sources */,
				4AAFDB6D2C494CFF008C6DAF /* AppDelegate.swift in Sources */,
				4AAFDB6F2C494CFF008C6DAF /* SceneDelegate.swift in Sources */,
			);
			runOnlyForDeploymentPostprocessing = 0;
		};
/* End PBXSourcesBuildPhase section */

/* Begin PBXVariantGroup section */
		4AAFDB772C494D00008C6DAF /* LaunchScreen.storyboard */ = {
			isa = PBXVariantGroup;
			children = (
				4AAFDB782C494D00008C6DAF /* Base */,
			);
			name = LaunchScreen.storyboard;
			sourceTree = "<group>";
		};
/* End PBXVariantGroup section */

/* Begin XCBuildConfiguration section */
		4AAFDB7B2C494D00008C6DAF /* Debug */ = {
			isa = XCBuildConfiguration;
			buildSettings = {
				ALWAYS_SEARCH_USER_PATHS = NO;
				ASSETCATALOG_COMPILER_GENERATE_SWIFT_ASSET_SYMBOL_EXTENSIONS = YES;
				CLANG_ANALYZER_NONNULL = YES;
				CLANG_ANALYZER_NUMBER_OBJECT_CONVERSION = YES_AGGRESSIVE;
				CLANG_CXX_LANGUAGE_STANDARD = "gnu++20";
				CLANG_ENABLE_MODULES = YES;
				CLANG_ENABLE_OBJC_ARC = YES;
				CLANG_ENABLE_OBJC_WEAK = YES;
				CLANG_WARN_BLOCK_CAPTURE_AUTORELEASING = YES;
				CLANG_WARN_BOOL_CONVERSION = YES;
				CLANG_WARN_COMMA = YES;
				CLANG_WARN_CONSTANT_CONVERSION = YES;
				CLANG_WARN_DEPRECATED_OBJC_IMPLEMENTATIONS = YES;
				CLANG_WARN_DIRECT_OBJC_ISA_USAGE = YES_ERROR;
				CLANG_WARN_DOCUMENTATION_COMMENTS = YES;
				CLANG_WARN_EMPTY_BODY = YES;
				CLANG_WARN_ENUM_CONVERSION = YES;
				CLANG_WARN_INFINITE_RECURSION = YES;
				CLANG_WARN_INT_CONVERSION = YES;
				CLANG_WARN_NON_LITERAL_NULL_CONVERSION = YES;
				CLANG_WARN_OBJC_IMPLICIT_RETAIN_SELF = YES;
				CLANG_WARN_OBJC_LITERAL_CONVERSION = YES;
				CLANG_WARN_OBJC_ROOT_CLASS = YES_ERROR;
				CLANG_WARN_QUOTED_INCLUDE_IN_FRAMEWORK_HEADER = YES;
				CLANG_WARN_RANGE_LOOP_ANALYSIS = YES;
				CLANG_WARN_STRICT_PROTOTYPES = YES;
				CLANG_WARN_SUSPICIOUS_MOVE = YES;
				CLANG_WARN_UNGUARDED_AVAILABILITY = YES_AGGRESSIVE;
				CLANG_WARN_UNREACHABLE_CODE = YES;
				CLANG_WARN__DUPLICATE_METHOD_MATCH = YES;
				COPY_PHASE_STRIP = NO;
				DEBUG_INFORMATION_FORMAT = dwarf;
				ENABLE_STRICT_OBJC_MSGSEND = YES;
				ENABLE_TESTABILITY = YES;
				ENABLE_USER_SCRIPT_SANDBOXING = YES;
				GCC_C_LANGUAGE_STANDARD = gnu17;
				GCC_DYNAMIC_NO_PIC = NO;
				GCC_NO_COMMON_BLOCKS = YES;
				GCC_OPTIMIZATION_LEVEL = 0;
				GCC_PREPROCESSOR_DEFINITIONS = (
					"DEBUG=1",
					"$(inherited)",
				);
				GCC_WARN_64_TO_32_BIT_CONVERSION = YES;
				GCC_WARN_ABOUT_RETURN_TYPE = YES_ERROR;
				GCC_WARN_UNDECLARED_SELECTOR = YES;
				GCC_WARN_UNINITIALIZED_AUTOS = YES_AGGRESSIVE;
				GCC_WARN_UNUSED_FUNCTION = YES;
				GCC_WARN_UNUSED_VARIABLE = YES;
				IPHONEOS_DEPLOYMENT_TARGET = 13.0;
				LOCALIZATION_PREFERS_STRING_CATALOGS = YES;
				MTL_ENABLE_DEBUG_INFO = INCLUDE_SOURCE;
				MTL_FAST_MATH = YES;
				ONLY_ACTIVE_ARCH = YES;
				SDKROOT = iphoneos;
				SWIFT_ACTIVE_COMPILATION_CONDITIONS = "DEBUG $(inherited)";
				SWIFT_OPTIMIZATION_LEVEL = "-Onone";
			};
			name = Debug;
		};
		4AAFDB7C2C494D00008C6DAF /* Release */ = {
			isa = XCBuildConfiguration;
			buildSettings = {
				ALWAYS_SEARCH_USER_PATHS = NO;
				ASSETCATALOG_COMPILER_GENERATE_SWIFT_ASSET_SYMBOL_EXTENSIONS = YES;
				CLANG_ANALYZER_NONNULL = YES;
				CLANG_ANALYZER_NUMBER_OBJECT_CONVERSION = YES_AGGRESSIVE;
				CLANG_CXX_LANGUAGE_STANDARD = "gnu++20";
				CLANG_ENABLE_MODULES = YES;
				CLANG_ENABLE_OBJC_ARC = YES;
				CLANG_ENABLE_OBJC_WEAK = YES;
				CLANG_WARN_BLOCK_CAPTURE_AUTORELEASING = YES;
				CLANG_WARN_BOOL_CONVERSION = YES;
				CLANG_WARN_COMMA = YES;
				CLANG_WARN_CONSTANT_CONVERSION = YES;
				CLANG_WARN_DEPRECATED_OBJC_IMPLEMENTATIONS = YES;
				CLANG_WARN_DIRECT_OBJC_ISA_USAGE = YES_ERROR;
				CLANG_WARN_DOCUMENTATION_COMMENTS = YES;
				CLANG_WARN_EMPTY_BODY = YES;
				CLANG_WARN_ENUM_CONVERSION = YES;
				CLANG_WARN_INFINITE_RECURSION = YES;
				CLANG_WARN_INT_CONVERSION = YES;
				CLANG_WARN_NON_LITERAL_NULL_CONVERSION = YES;
				CLANG_WARN_OBJC_IMPLICIT_RETAIN_SELF = YES;
				CLANG_WARN_OBJC_LITERAL_CONVERSION = YES;
				CLANG_WARN_OBJC_ROOT_CLASS = YES_ERROR;
				CLANG_WARN_QUOTED_INCLUDE_IN_FRAMEWORK_HEADER = YES;
				CLANG_WARN_RANGE_LOOP_ANALYSIS = YES;
				CLANG_WARN_STRICT_PROTOTYPES = YES;
				CLANG_WARN_SUSPICIOUS_MOVE = YES;
				CLANG_WARN_UNGUARDED_AVAILABILITY = YES_AGGRESSIVE;
				CLANG_WARN_UNREACHABLE_CODE = YES;
				CLANG_WARN__DUPLICATE_METHOD_MATCH = YES;
				COPY_PHASE_STRIP = NO;
				DEBUG_INFORMATION_FORMAT = "dwarf-with-dsym";
				ENABLE_NS_ASSERTIONS = NO;
				ENABLE_STRICT_OBJC_MSGSEND = YES;
				ENABLE_USER_SCRIPT_SANDBOXING = YES;
				GCC_C_LANGUAGE_STANDARD = gnu17;
				GCC_NO_COMMON_BLOCKS = YES;
				GCC_WARN_64_TO_32_BIT_CONVERSION = YES;
				GCC_WARN_ABOUT_RETURN_TYPE = YES_ERROR;
				GCC_WARN_UNDECLARED_SELECTOR = YES;
				GCC_WARN_UNINITIALIZED_AUTOS = YES_AGGRESSIVE;
				GCC_WARN_UNUSED_FUNCTION = YES;
				GCC_WARN_UNUSED_VARIABLE = YES;
				IPHONEOS_DEPLOYMENT_TARGET = 13.0;
				LOCALIZATION_PREFERS_STRING_CATALOGS = YES;
				MTL_ENABLE_DEBUG_INFO = NO;
				MTL_FAST_MATH = YES;
				SDKROOT = iphoneos;
				SWIFT_COMPILATION_MODE = wholemodule;
				VALIDATE_PRODUCT = YES;
			};
			name = Release;
		};
		4AAFDB7E2C494D00008C6DAF /* Debug */ = {
			isa = XCBuildConfiguration;
			buildSettings = {
				ASSETCATALOG_COMPILER_APPICON_NAME = AppIcon;
				ASSETCATALOG_COMPILER_GLOBAL_ACCENT_COLOR_NAME = AccentColor;
				CODE_SIGN_STYLE = Automatic;
				CURRENT_PROJECT_VERSION = 1;
				DEVELOPMENT_TEAM = J5UBGNBDYX;
				GENERATE_INFOPLIST_FILE = YES;
				INFOPLIST_FILE = "dnd-11th-4-iOS/Info.plist";
				INFOPLIST_KEY_UIApplicationSupportsIndirectInputEvents = YES;
				INFOPLIST_KEY_UILaunchStoryboardName = LaunchScreen;
				INFOPLIST_KEY_UISupportedInterfaceOrientations_iPad = "UIInterfaceOrientationPortrait UIInterfaceOrientationPortraitUpsideDown UIInterfaceOrientationLandscapeLeft UIInterfaceOrientationLandscapeRight";
				INFOPLIST_KEY_UISupportedInterfaceOrientations_iPhone = "UIInterfaceOrientationPortrait UIInterfaceOrientationLandscapeLeft UIInterfaceOrientationLandscapeRight";
				LD_RUNPATH_SEARCH_PATHS = (
					"$(inherited)",
					"@executable_path/Frameworks",
				);
				MARKETING_VERSION = 1.0;
				PRODUCT_BUNDLE_IDENTIFIER = "team-dnd.dnd-11th-4-iOS";
				PRODUCT_NAME = "$(TARGET_NAME)";
				SWIFT_EMIT_LOC_STRINGS = YES;
				SWIFT_VERSION = 5.0;
				TARGETED_DEVICE_FAMILY = "1,2";
			};
			name = Debug;
		};
		4AAFDB7F2C494D00008C6DAF /* Release */ = {
			isa = XCBuildConfiguration;
			buildSettings = {
				ASSETCATALOG_COMPILER_APPICON_NAME = AppIcon;
				ASSETCATALOG_COMPILER_GLOBAL_ACCENT_COLOR_NAME = AccentColor;
				CODE_SIGN_STYLE = Automatic;
				CURRENT_PROJECT_VERSION = 1;
				DEVELOPMENT_TEAM = J5UBGNBDYX;
				GENERATE_INFOPLIST_FILE = YES;
				INFOPLIST_FILE = "dnd-11th-4-iOS/Info.plist";
				INFOPLIST_KEY_UIApplicationSupportsIndirectInputEvents = YES;
				INFOPLIST_KEY_UILaunchStoryboardName = LaunchScreen;
				INFOPLIST_KEY_UISupportedInterfaceOrientations_iPad = "UIInterfaceOrientationPortrait UIInterfaceOrientationPortraitUpsideDown UIInterfaceOrientationLandscapeLeft UIInterfaceOrientationLandscapeRight";
				INFOPLIST_KEY_UISupportedInterfaceOrientations_iPhone = "UIInterfaceOrientationPortrait UIInterfaceOrientationLandscapeLeft UIInterfaceOrientationLandscapeRight";
				LD_RUNPATH_SEARCH_PATHS = (
					"$(inherited)",
					"@executable_path/Frameworks",
				);
				MARKETING_VERSION = 1.0;
				PRODUCT_BUNDLE_IDENTIFIER = "team-dnd.dnd-11th-4-iOS";
				PRODUCT_NAME = "$(TARGET_NAME)";
				SWIFT_EMIT_LOC_STRINGS = YES;
				SWIFT_VERSION = 5.0;
				TARGETED_DEVICE_FAMILY = "1,2";
			};
			name = Release;
		};
/* End XCBuildConfiguration section */

/* Begin XCConfigurationList section */
		4AAFDB642C494CFF008C6DAF /* Build configuration list for PBXProject "dnd-11th-4-iOS" */ = {
			isa = XCConfigurationList;
			buildConfigurations = (
				4AAFDB7B2C494D00008C6DAF /* Debug */,
				4AAFDB7C2C494D00008C6DAF /* Release */,
			);
			defaultConfigurationIsVisible = 0;
			defaultConfigurationName = Release;
		};
		4AAFDB7D2C494D00008C6DAF /* Build configuration list for PBXNativeTarget "dnd-11th-4-iOS" */ = {
			isa = XCConfigurationList;
			buildConfigurations = (
				4AAFDB7E2C494D00008C6DAF /* Debug */,
				4AAFDB7F2C494D00008C6DAF /* Release */,
			);
			defaultConfigurationIsVisible = 0;
			defaultConfigurationName = Release;
		};
/* End XCConfigurationList section */

/* Begin XCRemoteSwiftPackageReference section */
		4AAFDB802C495089008C6DAF /* XCRemoteSwiftPackageReference "Alamofire" */ = {
			isa = XCRemoteSwiftPackageReference;
			repositoryURL = "https://github.com/Alamofire/Alamofire.git";
			requirement = {
				kind = upToNextMajorVersion;
				minimumVersion = 5.9.1;
			};
		};
		4AAFDB852C4950A2008C6DAF /* XCRemoteSwiftPackageReference "RxSwift" */ = {
			isa = XCRemoteSwiftPackageReference;
			repositoryURL = "https://github.com/ReactiveX/RxSwift.git";
			requirement = {
				kind = upToNextMajorVersion;
				minimumVersion = 6.7.1;
			};
		};
		4AAFDB9A2C4950EC008C6DAF /* XCRemoteSwiftPackageReference "Kingfisher" */ = {
			isa = XCRemoteSwiftPackageReference;
			repositoryURL = "https://github.com/onevcat/Kingfisher.git";
			requirement = {
				kind = upToNextMajorVersion;
				minimumVersion = 7.12.0;
			};
		};
		4AAFDB9D2C495136008C6DAF /* XCRemoteSwiftPackageReference "ReactorKit" */ = {
			isa = XCRemoteSwiftPackageReference;
			repositoryURL = "https://github.com/ReactorKit/ReactorKit.git";
			requirement = {
				kind = upToNextMajorVersion;
				minimumVersion = 3.2.0;
			};
		};
		4AAFDBA02C495144008C6DAF /* XCRemoteSwiftPackageReference "RxFlow" */ = {
			isa = XCRemoteSwiftPackageReference;
			repositoryURL = "https://github.com/RxSwiftCommunity/RxFlow.git";
			requirement = {
				kind = upToNextMajorVersion;
				minimumVersion = 2.13.0;
			};
		};
		4AAFDBA32C495220008C6DAF /* XCRemoteSwiftPackageReference "SnapKit" */ = {
			isa = XCRemoteSwiftPackageReference;
			repositoryURL = "https://github.com/SnapKit/SnapKit.git";
			requirement = {
				kind = upToNextMajorVersion;
				minimumVersion = 5.7.1;
			};
		};
/* End XCRemoteSwiftPackageReference section */

/* Begin XCSwiftPackageProductDependency section */
		4AAFDB812C495089008C6DAF /* Alamofire */ = {
			isa = XCSwiftPackageProductDependency;
			package = 4AAFDB802C495089008C6DAF /* XCRemoteSwiftPackageReference "Alamofire" */;
			productName = Alamofire;
		};
		4AAFDB832C495089008C6DAF /* AlamofireDynamic */ = {
			isa = XCSwiftPackageProductDependency;
			package = 4AAFDB802C495089008C6DAF /* XCRemoteSwiftPackageReference "Alamofire" */;
			productName = AlamofireDynamic;
		};
		4AAFDB862C4950A2008C6DAF /* RxBlocking */ = {
			isa = XCSwiftPackageProductDependency;
			package = 4AAFDB852C4950A2008C6DAF /* XCRemoteSwiftPackageReference "RxSwift" */;
			productName = RxBlocking;
		};
		4AAFDB882C4950A2008C6DAF /* RxBlocking-Dynamic */ = {
			isa = XCSwiftPackageProductDependency;
			package = 4AAFDB852C4950A2008C6DAF /* XCRemoteSwiftPackageReference "RxSwift" */;
			productName = "RxBlocking-Dynamic";
		};
		4AAFDB8A2C4950A2008C6DAF /* RxCocoa */ = {
			isa = XCSwiftPackageProductDependency;
			package = 4AAFDB852C4950A2008C6DAF /* XCRemoteSwiftPackageReference "RxSwift" */;
			productName = RxCocoa;
		};
		4AAFDB8C2C4950A2008C6DAF /* RxCocoa-Dynamic */ = {
			isa = XCSwiftPackageProductDependency;
			package = 4AAFDB852C4950A2008C6DAF /* XCRemoteSwiftPackageReference "RxSwift" */;
			productName = "RxCocoa-Dynamic";
		};
		4AAFDB8E2C4950A2008C6DAF /* RxRelay */ = {
			isa = XCSwiftPackageProductDependency;
			package = 4AAFDB852C4950A2008C6DAF /* XCRemoteSwiftPackageReference "RxSwift" */;
			productName = RxRelay;
		};
		4AAFDB902C4950A2008C6DAF /* RxRelay-Dynamic */ = {
			isa = XCSwiftPackageProductDependency;
			package = 4AAFDB852C4950A2008C6DAF /* XCRemoteSwiftPackageReference "RxSwift" */;
			productName = "RxRelay-Dynamic";
		};
		4AAFDB922C4950A2008C6DAF /* RxSwift */ = {
			isa = XCSwiftPackageProductDependency;
			package = 4AAFDB852C4950A2008C6DAF /* XCRemoteSwiftPackageReference "RxSwift" */;
			productName = RxSwift;
		};
		4AAFDB942C4950A2008C6DAF /* RxSwift-Dynamic */ = {
			isa = XCSwiftPackageProductDependency;
			package = 4AAFDB852C4950A2008C6DAF /* XCRemoteSwiftPackageReference "RxSwift" */;
			productName = "RxSwift-Dynamic";
		};
		4AAFDB962C4950A2008C6DAF /* RxTest */ = {
			isa = XCSwiftPackageProductDependency;
			package = 4AAFDB852C4950A2008C6DAF /* XCRemoteSwiftPackageReference "RxSwift" */;
			productName = RxTest;
		};
		4AAFDB982C4950A2008C6DAF /* RxTest-Dynamic */ = {
			isa = XCSwiftPackageProductDependency;
			package = 4AAFDB852C4950A2008C6DAF /* XCRemoteSwiftPackageReference "RxSwift" */;
			productName = "RxTest-Dynamic";
		};
		4AAFDB9B2C4950EC008C6DAF /* Kingfisher */ = {
			isa = XCSwiftPackageProductDependency;
			package = 4AAFDB9A2C4950EC008C6DAF /* XCRemoteSwiftPackageReference "Kingfisher" */;
			productName = Kingfisher;
		};
		4AAFDB9E2C495136008C6DAF /* ReactorKit */ = {
			isa = XCSwiftPackageProductDependency;
			package = 4AAFDB9D2C495136008C6DAF /* XCRemoteSwiftPackageReference "ReactorKit" */;
			productName = ReactorKit;
		};
		4AAFDBA12C495144008C6DAF /* RxFlow */ = {
			isa = XCSwiftPackageProductDependency;
			package = 4AAFDBA02C495144008C6DAF /* XCRemoteSwiftPackageReference "RxFlow" */;
			productName = RxFlow;
		};
		4AAFDBA42C495220008C6DAF /* SnapKit */ = {
			isa = XCSwiftPackageProductDependency;
			package = 4AAFDBA32C495220008C6DAF /* XCRemoteSwiftPackageReference "SnapKit" */;
			productName = SnapKit;
		};
		4AAFDBA62C495220008C6DAF /* SnapKit-Dynamic */ = {
			isa = XCSwiftPackageProductDependency;
			package = 4AAFDBA32C495220008C6DAF /* XCRemoteSwiftPackageReference "SnapKit" */;
			productName = "SnapKit-Dynamic";
		};
/* End XCSwiftPackageProductDependency section */
	};
	rootObject = 4AAFDB612C494CFF008C6DAF /* Project object */;
}
